version: 5
environments:
  default:
    channels:
    - url: https://conda.anaconda.org/conda-forge/
    packages: {}
  native:
    channels:
    - url: https://conda.anaconda.org/conda-forge/
    packages:
      linux-64:
      - conda: https://conda.anaconda.org/conda-forge/linux-64/_libgcc_mutex-0.1-conda_forge.tar.bz2
      - conda: https://conda.anaconda.org/conda-forge/linux-64/_openmp_mutex-4.5-2_gnu.tar.bz2
      - conda: https://conda.anaconda.org/conda-forge/noarch/_sysroot_linux-64_curr_repodata_hack-3-h69a702a_16.conda
      - conda: https://conda.anaconda.org/conda-forge/linux-64/binutils-2.40-h4852527_7.conda
      - conda: https://conda.anaconda.org/conda-forge/linux-64/binutils_impl_linux-64-2.40-ha1999f0_7.conda
      - conda: https://conda.anaconda.org/conda-forge/linux-64/binutils_linux-64-2.40-hb3c18ed_0.conda
      - conda: https://conda.anaconda.org/conda-forge/linux-64/bzip2-1.0.8-h4bc722e_7.conda
      - conda: https://conda.anaconda.org/conda-forge/linux-64/c-ares-1.33.0-ha66036c_0.conda
      - conda: https://conda.anaconda.org/conda-forge/linux-64/c-compiler-1.7.0-hd590300_1.conda
      - conda: https://conda.anaconda.org/conda-forge/linux-64/ca-certificates-2024.7.4-hbcca054_0.conda
      - conda: https://conda.anaconda.org/conda-forge/linux-64/cmake-3.30.2-hf8c4bd3_0.conda
      - conda: https://conda.anaconda.org/conda-forge/linux-64/cxx-compiler-1.7.0-h00ab1b0_1.conda
      - conda: https://conda.anaconda.org/conda-forge/linux-64/gcc-12.4.0-h236703b_0.conda
      - conda: https://conda.anaconda.org/conda-forge/linux-64/gcc_impl_linux-64-12.4.0-hb2e57f8_0.conda
      - conda: https://conda.anaconda.org/conda-forge/linux-64/gcc_linux-64-12.4.0-h6b7512a_0.conda
      - conda: https://conda.anaconda.org/conda-forge/linux-64/gxx-12.4.0-h236703b_0.conda
      - conda: https://conda.anaconda.org/conda-forge/linux-64/gxx_impl_linux-64-12.4.0-h613a52c_0.conda
      - conda: https://conda.anaconda.org/conda-forge/linux-64/gxx_linux-64-12.4.0-h8489865_0.conda
      - conda: https://conda.anaconda.org/conda-forge/noarch/kernel-headers_linux-64-3.10.0-h4a8ded7_16.conda
      - conda: https://conda.anaconda.org/conda-forge/linux-64/keyutils-1.6.1-h166bdaf_0.tar.bz2
      - conda: https://conda.anaconda.org/conda-forge/linux-64/krb5-1.21.3-h659f571_0.conda
      - conda: https://conda.anaconda.org/conda-forge/linux-64/ld_impl_linux-64-2.40-hf3520f5_7.conda
      - conda: https://conda.anaconda.org/conda-forge/linux-64/libcurl-8.9.1-hdb1bdb2_0.conda
      - conda: https://conda.anaconda.org/conda-forge/linux-64/libedit-3.1.20191231-he28a2e2_2.tar.bz2
      - conda: https://conda.anaconda.org/conda-forge/linux-64/libev-4.33-hd590300_2.conda
      - conda: https://conda.anaconda.org/conda-forge/linux-64/libexpat-2.6.2-h59595ed_0.conda
      - conda: https://conda.anaconda.org/conda-forge/noarch/libgcc-devel_linux-64-12.4.0-ha4f9413_100.conda
      - conda: https://conda.anaconda.org/conda-forge/linux-64/libgcc-ng-14.1.0-h77fa898_0.conda
      - conda: https://conda.anaconda.org/conda-forge/linux-64/libgomp-14.1.0-h77fa898_0.conda
      - conda: https://conda.anaconda.org/conda-forge/linux-64/libnghttp2-1.58.0-h47da74e_1.conda
      - conda: https://conda.anaconda.org/conda-forge/linux-64/libsanitizer-12.4.0-h46f95d5_0.conda
      - conda: https://conda.anaconda.org/conda-forge/linux-64/libssh2-1.11.0-h0841786_0.conda
      - conda: https://conda.anaconda.org/conda-forge/noarch/libstdcxx-devel_linux-64-12.4.0-ha4f9413_100.conda
      - conda: https://conda.anaconda.org/conda-forge/linux-64/libstdcxx-ng-14.1.0-hc0a3c3a_0.conda
      - conda: https://conda.anaconda.org/conda-forge/linux-64/libuv-1.48.0-hd590300_0.conda
      - conda: https://conda.anaconda.org/conda-forge/linux-64/libzlib-1.3.1-h4ab18f5_1.conda
      - conda: https://conda.anaconda.org/conda-forge/linux-64/ncurses-6.5-h59595ed_0.conda
      - conda: https://conda.anaconda.org/conda-forge/linux-64/ninja-1.12.1-h297d8ca_0.conda
      - conda: https://conda.anaconda.org/conda-forge/linux-64/openssl-3.3.1-h4bc722e_2.conda
      - conda: https://conda.anaconda.org/conda-forge/linux-64/rhash-1.4.4-hd590300_0.conda
      - conda: https://conda.anaconda.org/conda-forge/noarch/sysroot_linux-64-2.17-h4a8ded7_16.conda
      - conda: https://conda.anaconda.org/conda-forge/noarch/tzdata-2024a-h0c530f3_0.conda
      - conda: https://conda.anaconda.org/conda-forge/linux-64/xz-5.2.6-h166bdaf_0.tar.bz2
      - conda: https://conda.anaconda.org/conda-forge/linux-64/zstd-1.5.6-ha6fb4c9_0.conda
packages:
- kind: conda
  name: _libgcc_mutex
  version: '0.1'
  build: conda_forge
  subdir: linux-64
  url: https://conda.anaconda.org/conda-forge/linux-64/_libgcc_mutex-0.1-conda_forge.tar.bz2
  sha256: fe51de6107f9edc7aa4f786a70f4a883943bc9d39b3bb7307c04c41410990726
  md5: d7c89558ba9fa0495403155b64376d81
  license: None
  size: 2562
  timestamp: 1578324546067
- kind: conda
  name: _openmp_mutex
  version: '4.5'
  build: 2_gnu
  build_number: 16
  subdir: linux-64
  url: https://conda.anaconda.org/conda-forge/linux-64/_openmp_mutex-4.5-2_gnu.tar.bz2
  sha256: fbe2c5e56a653bebb982eda4876a9178aedfc2b545f25d0ce9c4c0b508253d22
  md5: 73aaf86a425cc6e73fcf236a5a46396d
  depends:
  - _libgcc_mutex 0.1 conda_forge
  - libgomp >=7.5.0
  constrains:
  - openmp_impl 9999
  license: BSD-3-Clause
  license_family: BSD
  size: 23621
  timestamp: 1650670423406
- kind: conda
  name: _sysroot_linux-64_curr_repodata_hack
  version: '3'
  build: h69a702a_16
  build_number: 16
  subdir: noarch
  noarch: generic
  url: https://conda.anaconda.org/conda-forge/noarch/_sysroot_linux-64_curr_repodata_hack-3-h69a702a_16.conda
  sha256: 6ac30acdbfd3136ee7a1de28af4355165291627e905715611726e674499b0786
  md5: 1c005af0c6ff22814b7c52ee448d4bea
  license: LGPL-2.0-or-later AND LGPL-2.0-or-later WITH exceptions AND GPL-2.0-or-later AND MPL-2.0
  license_family: GPL
  size: 20798
  timestamp: 1720621358501
- kind: conda
  name: binutils
  version: '2.40'
  build: h4852527_7
  build_number: 7
  subdir: linux-64
  url: https://conda.anaconda.org/conda-forge/linux-64/binutils-2.40-h4852527_7.conda
  sha256: 75d7f5cda999fe1efe9f1de1be2d3e4ce32b20cbf97d1ef7b770e2e90c062858
  md5: df53aa8418f8c289ae9b9665986034f8
  depends:
  - binutils_impl_linux-64 >=2.40,<2.41.0a0
  license: GPL-3.0-only
  license_family: GPL
  size: 31696
  timestamp: 1718625692046
- kind: conda
  name: binutils_impl_linux-64
  version: '2.40'
  build: ha1999f0_7
  build_number: 7
  subdir: linux-64
  url: https://conda.anaconda.org/conda-forge/linux-64/binutils_impl_linux-64-2.40-ha1999f0_7.conda
  sha256: 230f3136d17fdcf0e6da3a3ae59118570bc18106d79dd29bf2f341338d2a42c4
  md5: 3f840c7ed70a96b5ebde8044b2f36f32
  depends:
  - ld_impl_linux-64 2.40 hf3520f5_7
  - sysroot_linux-64
  license: GPL-3.0-only
  license_family: GPL
  size: 6250821
  timestamp: 1718625666382
- kind: conda
  name: binutils_linux-64
  version: '2.40'
  build: hb3c18ed_0
  subdir: linux-64
  url: https://conda.anaconda.org/conda-forge/linux-64/binutils_linux-64-2.40-hb3c18ed_0.conda
  sha256: 2aadece2933f01b5414285ac9390865b59384c8f3d47f7361664cf511ae33ad0
  md5: f152f00b4c709e88cd88af1fb50a70b4
  depends:
  - binutils_impl_linux-64 2.40.*
  - sysroot_linux-64
  license: BSD-3-Clause
  license_family: BSD
  size: 29268
  timestamp: 1721141323066
- kind: conda
  name: bzip2
  version: 1.0.8
  build: h4bc722e_7
  build_number: 7
  subdir: linux-64
  url: https://conda.anaconda.org/conda-forge/linux-64/bzip2-1.0.8-h4bc722e_7.conda
  sha256: 5ced96500d945fb286c9c838e54fa759aa04a7129c59800f0846b4335cee770d
  md5: 62ee74e96c5ebb0af99386de58cf9553
  depends:
  - __glibc >=2.17,<3.0.a0
  - libgcc-ng >=12
  license: bzip2-1.0.6
  license_family: BSD
  size: 252783
  timestamp: 1720974456583
- kind: conda
  name: c-ares
  version: 1.33.0
  build: ha66036c_0
  subdir: linux-64
  url: https://conda.anaconda.org/conda-forge/linux-64/c-ares-1.33.0-ha66036c_0.conda
  sha256: 3dec5fdb5d1e1758510af0ca163d82ea10109fec8af7d0cd7af38f01068c365b
  md5: b6927f788e85267beef6cbb292aaebdd
  depends:
  - __glibc >=2.28,<3.0.a0
  - libgcc-ng >=12
  license: MIT
  license_family: MIT
  size: 181873
  timestamp: 1723534591118
- kind: conda
  name: c-compiler
  version: 1.7.0
  build: hd590300_1
  build_number: 1
  subdir: linux-64
  url: https://conda.anaconda.org/conda-forge/linux-64/c-compiler-1.7.0-hd590300_1.conda
  sha256: 4213b6cbaed673c07f8b79c089f3487afdd56de944f21c4861ead862b7657eb4
  md5: e9dffe1056994133616378309f932d77
  depends:
  - binutils
  - gcc
  - gcc_linux-64 12.*
  license: BSD-3-Clause
  license_family: BSD
  size: 6324
  timestamp: 1714575511013
- kind: conda
  name: ca-certificates
  version: 2024.7.4
  build: hbcca054_0
  subdir: linux-64
  url: https://conda.anaconda.org/conda-forge/linux-64/ca-certificates-2024.7.4-hbcca054_0.conda
  sha256: c1548a3235376f464f9931850b64b02492f379b2f2bb98bc786055329b080446
  md5: 23ab7665c5f63cfb9f1f6195256daac6
  license: ISC
  size: 154853
  timestamp: 1720077432978
- kind: conda
  name: cmake
  version: 3.30.2
  build: hf8c4bd3_0
  subdir: linux-64
  url: https://conda.anaconda.org/conda-forge/linux-64/cmake-3.30.2-hf8c4bd3_0.conda
  sha256: ddcc2fd4f3be347ae00d7a0f0dcd6af53810e81151191190a0473fd7bc2d0928
  md5: 37e19955be6b6a6e13422ecafcfc2bee
  depends:
  - __glibc >=2.17,<3.0.a0
  - bzip2 >=1.0.8,<2.0a0
  - libcurl >=8.9.1,<9.0a0
  - libexpat >=2.6.2,<3.0a0
  - libgcc-ng >=12
  - libstdcxx-ng >=12
  - libuv >=1.48.0,<2.0a0
  - libzlib >=1.3.1,<2.0a0
  - ncurses >=6.5,<7.0a0
  - rhash >=1.4.4,<2.0a0
  - xz >=5.2.6,<6.0a0
  - zstd >=1.5.6,<1.6.0a0
  license: BSD-3-Clause
  license_family: BSD
  size: 19233237
  timestamp: 1722625703918
- kind: conda
  name: cxx-compiler
  version: 1.7.0
  build: h00ab1b0_1
  build_number: 1
  subdir: linux-64
  url: https://conda.anaconda.org/conda-forge/linux-64/cxx-compiler-1.7.0-h00ab1b0_1.conda
  sha256: cf895938292cfd4cfa2a06c6d57aa25c33cc974d4ffe52e704ffb67f5577b93f
  md5: 28de2e073db9ca9b72858bee9fb6f571
  depends:
  - c-compiler 1.7.0 hd590300_1
  - gxx
  - gxx_linux-64 12.*
  license: BSD-3-Clause
  license_family: BSD
  size: 6283
  timestamp: 1714575513327
- kind: conda
  name: gcc
  version: 12.4.0
  build: h236703b_0
  subdir: linux-64
  url: https://conda.anaconda.org/conda-forge/linux-64/gcc-12.4.0-h236703b_0.conda
  sha256: 4b74a6b5bf035db1715e30ef799ab86c43543dc43ff295b8b09a4f422154d151
  md5: 9485dc28dccde81b12e17f9bdda18f14
  depends:
  - gcc_impl_linux-64 12.4.0.*
  license: BSD-3-Clause
  license_family: BSD
  size: 51791
  timestamp: 1719537983908
- kind: conda
  name: gcc_impl_linux-64
  version: 12.4.0
  build: hb2e57f8_0
  subdir: linux-64
  url: https://conda.anaconda.org/conda-forge/linux-64/gcc_impl_linux-64-12.4.0-hb2e57f8_0.conda
  sha256: 47dda7dd093c4458a8445e777a7464a53b3f6262127c58a5a6d4ac9fdbe28373
  md5: 61f3e74c92b7c44191143a661f821bab
  depends:
  - binutils_impl_linux-64 >=2.40
  - libgcc-devel_linux-64 12.4.0 ha4f9413_100
  - libgcc-ng >=12.4.0
  - libgomp >=12.4.0
  - libsanitizer 12.4.0 h46f95d5_0
  - libstdcxx-ng >=12.4.0
  - sysroot_linux-64
  license: GPL-3.0-only WITH GCC-exception-3.1
  license_family: GPL
  size: 61927782
  timestamp: 1719537858428
- kind: conda
  name: gcc_linux-64
  version: 12.4.0
  build: h6b7512a_0
  subdir: linux-64
  url: https://conda.anaconda.org/conda-forge/linux-64/gcc_linux-64-12.4.0-h6b7512a_0.conda
  sha256: 8806dc5a234f986cd9ead3b2fc6884a4de87a8f6c4af8cf2bcf63e7535ab5019
  md5: fec7117a58f5becf76b43dec55064ff9
  depends:
  - binutils_linux-64 2.40 hb3c18ed_0
  - gcc_impl_linux-64 12.4.0.*
  - sysroot_linux-64
  license: BSD-3-Clause
  license_family: BSD
  size: 31461
  timestamp: 1721141668357
- kind: conda
  name: gxx
  version: 12.4.0
  build: h236703b_0
  subdir: linux-64
  url: https://conda.anaconda.org/conda-forge/linux-64/gxx-12.4.0-h236703b_0.conda
  sha256: c72b4b41ce3d05ca87299276c0bd5579bf21064a3993e6aebdaca49f021bbea7
  md5: 56cefffbce52071b597fd3eb9208adc9
  depends:
  - gcc 12.4.0.*
  - gxx_impl_linux-64 12.4.0.*
  license: BSD-3-Clause
  license_family: BSD
  size: 51231
  timestamp: 1719538113213
- kind: conda
  name: gxx_impl_linux-64
  version: 12.4.0
  build: h613a52c_0
  subdir: linux-64
  url: https://conda.anaconda.org/conda-forge/linux-64/gxx_impl_linux-64-12.4.0-h613a52c_0.conda
  sha256: 2d2807e02b0effb3f378b60f496cf04de80f78be2173130b87589e82d6fb145c
  md5: 0740149e4653caebd1d2f6bbf84a1720
  depends:
  - gcc_impl_linux-64 12.4.0 hb2e57f8_0
  - libstdcxx-devel_linux-64 12.4.0 ha4f9413_100
  - sysroot_linux-64
  - tzdata
  license: GPL-3.0-only WITH GCC-exception-3.1
  license_family: GPL
  size: 13148635
  timestamp: 1722864856073
- kind: conda
  name: gxx_linux-64
  version: 12.4.0
  build: h8489865_0
  subdir: linux-64
  url: https://conda.anaconda.org/conda-forge/linux-64/gxx_linux-64-12.4.0-h8489865_0.conda
  sha256: e2577bc27cb1a287f77f3ad251b4ec1d084bad4792bdfe71b885d395457b4ef4
  md5: 5cf73d936678e6805da39b8ba6be263c
  depends:
  - binutils_linux-64 2.40 hb3c18ed_0
  - gcc_linux-64 12.4.0 h6b7512a_0
  - gxx_impl_linux-64 12.4.0.*
  - sysroot_linux-64
  license: BSD-3-Clause
  license_family: BSD
  size: 29827
  timestamp: 1721141685737
- kind: conda
  name: kernel-headers_linux-64
  version: 3.10.0
  build: h4a8ded7_16
  build_number: 16
  subdir: noarch
  noarch: generic
  url: https://conda.anaconda.org/conda-forge/noarch/kernel-headers_linux-64-3.10.0-h4a8ded7_16.conda
  sha256: a55044e0f61058a5f6bab5e1dd7f15a1fa7a08ec41501dbfca5ab0fc50b9c0c1
  md5: ff7f38675b226cfb855aebfc32a13e31
  depends:
  - _sysroot_linux-64_curr_repodata_hack 3.*
  constrains:
  - sysroot_linux-64 ==2.17
  license: LGPL-2.0-or-later AND LGPL-2.0-or-later WITH exceptions AND GPL-2.0-or-later AND MPL-2.0
  license_family: GPL
  size: 944344
  timestamp: 1720621422017
- kind: conda
  name: keyutils
  version: 1.6.1
  build: h166bdaf_0
  subdir: linux-64
  url: https://conda.anaconda.org/conda-forge/linux-64/keyutils-1.6.1-h166bdaf_0.tar.bz2
  sha256: 150c05a6e538610ca7c43beb3a40d65c90537497a4f6a5f4d15ec0451b6f5ebb
  md5: 30186d27e2c9fa62b45fb1476b7200e3
  depends:
  - libgcc-ng >=10.3.0
  license: LGPL-2.1-or-later
  size: 117831
  timestamp: 1646151697040
- kind: conda
  name: krb5
  version: 1.21.3
  build: h659f571_0
  subdir: linux-64
  url: https://conda.anaconda.org/conda-forge/linux-64/krb5-1.21.3-h659f571_0.conda
  sha256: 99df692f7a8a5c27cd14b5fb1374ee55e756631b9c3d659ed3ee60830249b238
  md5: 3f43953b7d3fb3aaa1d0d0723d91e368
  depends:
  - keyutils >=1.6.1,<2.0a0
  - libedit >=3.1.20191231,<3.2.0a0
  - libedit >=3.1.20191231,<4.0a0
  - libgcc-ng >=12
  - libstdcxx-ng >=12
  - openssl >=3.3.1,<4.0a0
  license: MIT
  license_family: MIT
  size: 1370023
  timestamp: 1719463201255
- kind: conda
  name: ld_impl_linux-64
  version: '2.40'
  build: hf3520f5_7
  build_number: 7
  subdir: linux-64
  url: https://conda.anaconda.org/conda-forge/linux-64/ld_impl_linux-64-2.40-hf3520f5_7.conda
  sha256: 764b6950aceaaad0c67ef925417594dd14cd2e22fff864aeef455ac259263d15
  md5: b80f2f396ca2c28b8c14c437a4ed1e74
  constrains:
  - binutils_impl_linux-64 2.40
  license: GPL-3.0-only
  license_family: GPL
  size: 707602
  timestamp: 1718625640445
- kind: conda
  name: libcurl
  version: 8.9.1
  build: hdb1bdb2_0
  subdir: linux-64
  url: https://conda.anaconda.org/conda-forge/linux-64/libcurl-8.9.1-hdb1bdb2_0.conda
  sha256: 0ba60f83709068e9ec1ab543af998cb5a201c8379c871205447684a34b5abfd8
  md5: 7da1d242ca3591e174a3c7d82230d3c0
  depends:
  - krb5 >=1.21.3,<1.22.0a0
  - libgcc-ng >=12
  - libnghttp2 >=1.58.0,<2.0a0
  - libssh2 >=1.11.0,<2.0a0
  - libzlib >=1.3.1,<2.0a0
  - openssl >=3.3.1,<4.0a0
  - zstd >=1.5.6,<1.6.0a0
  license: curl
  license_family: MIT
  size: 416057
  timestamp: 1722439924963
- kind: conda
  name: libedit
  version: 3.1.20191231
  build: he28a2e2_2
  build_number: 2
  subdir: linux-64
  url: https://conda.anaconda.org/conda-forge/linux-64/libedit-3.1.20191231-he28a2e2_2.tar.bz2
  sha256: a57d37c236d8f7c886e01656f4949d9dcca131d2a0728609c6f7fa338b65f1cf
  md5: 4d331e44109e3f0e19b4cb8f9b82f3e1
  depends:
  - libgcc-ng >=7.5.0
  - ncurses >=6.2,<7.0.0a0
  license: BSD-2-Clause
  license_family: BSD
  size: 123878
  timestamp: 1597616541093
- kind: conda
  name: libev
  version: '4.33'
  build: hd590300_2
  build_number: 2
  subdir: linux-64
  url: https://conda.anaconda.org/conda-forge/linux-64/libev-4.33-hd590300_2.conda
  sha256: 1cd6048169fa0395af74ed5d8f1716e22c19a81a8a36f934c110ca3ad4dd27b4
  md5: 172bf1cd1ff8629f2b1179945ed45055
  depends:
  - libgcc-ng >=12
  license: BSD-2-Clause
  license_family: BSD
  size: 112766
  timestamp: 1702146165126
- kind: conda
  name: libexpat
  version: 2.6.2
  build: h59595ed_0
  subdir: linux-64
  url: https://conda.anaconda.org/conda-forge/linux-64/libexpat-2.6.2-h59595ed_0.conda
  sha256: 331bb7c7c05025343ebd79f86ae612b9e1e74d2687b8f3179faec234f986ce19
  md5: e7ba12deb7020dd080c6c70e7b6f6a3d
  depends:
  - libgcc-ng >=12
  constrains:
  - expat 2.6.2.*
  license: MIT
  license_family: MIT
  size: 73730
  timestamp: 1710362120304
- kind: conda
  name: libgcc-devel_linux-64
  version: 12.4.0
  build: ha4f9413_100
  build_number: 100
  subdir: noarch
  noarch: generic
  url: https://conda.anaconda.org/conda-forge/noarch/libgcc-devel_linux-64-12.4.0-ha4f9413_100.conda
  sha256: edafdf2700aa490f2659180667545f9e7e1fef7cfe89123a5c1bd829a9cfd6d2
  md5: cc5767cb4e052330106536a9fb34f077
  depends:
  - __unix
  license: GPL-3.0-only WITH GCC-exception-3.1
  license_family: GPL
  size: 2553602
  timestamp: 1719537653986
- kind: conda
  name: libgcc-ng
  version: 14.1.0
  build: h77fa898_0
  subdir: linux-64
  url: https://conda.anaconda.org/conda-forge/linux-64/libgcc-ng-14.1.0-h77fa898_0.conda
  sha256: b8e869ac96591cda2704bf7e77a301025e405227791a0bddf14a3dac65125538
  md5: ca0fad6a41ddaef54a153b78eccb5037
  depends:
  - _libgcc_mutex 0.1 conda_forge
  - _openmp_mutex >=4.5
  constrains:
  - libgomp 14.1.0 h77fa898_0
  license: GPL-3.0-only WITH GCC-exception-3.1
  license_family: GPL
  size: 842109
  timestamp: 1719538896937
- kind: conda
  name: libgomp
  version: 14.1.0
  build: h77fa898_0
  subdir: linux-64
  url: https://conda.anaconda.org/conda-forge/linux-64/libgomp-14.1.0-h77fa898_0.conda
  sha256: 7699df61a1f6c644b3576a40f54791561f2845983120477a16116b951c9cdb05
  md5: ae061a5ed5f05818acdf9adab72c146d
  depends:
  - _libgcc_mutex 0.1 conda_forge
  license: GPL-3.0-only WITH GCC-exception-3.1
  license_family: GPL
  size: 456925
  timestamp: 1719538796073
- kind: conda
  name: libnghttp2
  version: 1.58.0
  build: h47da74e_1
  build_number: 1
  subdir: linux-64
  url: https://conda.anaconda.org/conda-forge/linux-64/libnghttp2-1.58.0-h47da74e_1.conda
  sha256: 1910c5306c6aa5bcbd623c3c930c440e9c77a5a019008e1487810e3c1d3716cb
  md5: 700ac6ea6d53d5510591c4344d5c989a
  depends:
  - c-ares >=1.23.0,<2.0a0
  - libev >=4.33,<4.34.0a0
  - libev >=4.33,<5.0a0
  - libgcc-ng >=12
  - libstdcxx-ng >=12
  - libzlib >=1.2.13,<2.0.0a0
  - openssl >=3.2.0,<4.0a0
  license: MIT
  license_family: MIT
  size: 631936
  timestamp: 1702130036271
- kind: conda
  name: libsanitizer
  version: 12.4.0
  build: h46f95d5_0
  subdir: linux-64
  url: https://conda.anaconda.org/conda-forge/linux-64/libsanitizer-12.4.0-h46f95d5_0.conda
  sha256: 6ab05aa2156fb4ebc502c5b4a991eff31dbcba5a7aff4f4c43040b610413101a
  md5: 23f5c8ad2a46976a9eee4d21392fa421
  depends:
  - libgcc-ng >=12.4.0
  - libstdcxx-ng >=12.4.0
  license: GPL-3.0-only WITH GCC-exception-3.1
  license_family: GPL
  size: 3942842
  timestamp: 1719537813326
- kind: conda
  name: libssh2
  version: 1.11.0
  build: h0841786_0
  subdir: linux-64
  url: https://conda.anaconda.org/conda-forge/linux-64/libssh2-1.11.0-h0841786_0.conda
  sha256: 50e47fd9c4f7bf841a11647ae7486f65220cfc988ec422a4475fe8d5a823824d
  md5: 1f5a58e686b13bcfde88b93f547d23fe
  depends:
  - libgcc-ng >=12
  - libzlib >=1.2.13,<2.0.0a0
  - openssl >=3.1.1,<4.0a0
  license: BSD-3-Clause
  license_family: BSD
  size: 271133
  timestamp: 1685837707056
- kind: conda
  name: libstdcxx-devel_linux-64
  version: 12.4.0
  build: ha4f9413_100
  build_number: 100
  subdir: noarch
  noarch: generic
  url: https://conda.anaconda.org/conda-forge/noarch/libstdcxx-devel_linux-64-12.4.0-ha4f9413_100.conda
  sha256: f2cbcdd1e603cb21413c697ffa3b30d7af3fd26128a92b3adc6160351b3acd2e
  md5: 0351f91f429a046542bba7255438fa04
  depends:
  - __unix
  license: GPL-3.0-only WITH GCC-exception-3.1
  license_family: GPL
  size: 11611697
  timestamp: 1719537709390
- kind: conda
  name: libstdcxx-ng
  version: 14.1.0
  build: hc0a3c3a_0
  subdir: linux-64
  url: https://conda.anaconda.org/conda-forge/linux-64/libstdcxx-ng-14.1.0-hc0a3c3a_0.conda
  sha256: 88c42b388202ffe16adaa337e36cf5022c63cf09b0405cf06fc6aeacccbe6146
  md5: 1cb187a157136398ddbaae90713e2498
  depends:
  - libgcc-ng 14.1.0 h77fa898_0
  license: GPL-3.0-only WITH GCC-exception-3.1
  license_family: GPL
  size: 3881307
  timestamp: 1719538923443
- kind: conda
  name: libuv
  version: 1.48.0
  build: hd590300_0
  subdir: linux-64
  url: https://conda.anaconda.org/conda-forge/linux-64/libuv-1.48.0-hd590300_0.conda
  sha256: b7c0e8a0c93c2621be7645b37123d4e8d27e8a974da26a3fba47a9c37711aa7f
  md5: 7e8b914b1062dd4386e3de4d82a3ead6
  depends:
  - libgcc-ng >=12
  license: MIT
  license_family: MIT
  size: 899979
  timestamp: 1709913354710
- kind: conda
  name: libzlib
  version: 1.3.1
  build: h4ab18f5_1
  build_number: 1
  subdir: linux-64
  url: https://conda.anaconda.org/conda-forge/linux-64/libzlib-1.3.1-h4ab18f5_1.conda
  sha256: adf6096f98b537a11ae3729eaa642b0811478f0ea0402ca67b5108fe2cb0010d
  md5: 57d7dc60e9325e3de37ff8dffd18e814
  depends:
  - libgcc-ng >=12
  constrains:
  - zlib 1.3.1 *_1
  license: Zlib
  license_family: Other
  size: 61574
  timestamp: 1716874187109
- kind: conda
  name: ncurses
  version: '6.5'
  build: h59595ed_0
  subdir: linux-64
  url: https://conda.anaconda.org/conda-forge/linux-64/ncurses-6.5-h59595ed_0.conda
  sha256: 4fc3b384f4072b68853a0013ea83bdfd3d66b0126e2238e1d6e1560747aa7586
  md5: fcea371545eda051b6deafb24889fc69
  depends:
  - libgcc-ng >=12
  license: X11 AND BSD-3-Clause
  size: 887465
  timestamp: 1715194722503
- kind: conda
  name: ninja
  version: 1.12.1
  build: h297d8ca_0
  subdir: linux-64
  url: https://conda.anaconda.org/conda-forge/linux-64/ninja-1.12.1-h297d8ca_0.conda
  sha256: 40f7b76b07067935f8a5886aab0164067b7aa71eb5ad20b7278618c0c2c98e06
  md5: 3aa1c7e292afeff25a0091ddd7c69b72
  depends:
  - libgcc-ng >=12
  - libstdcxx-ng >=12
  license: Apache-2.0
  license_family: Apache
  size: 2198858
  timestamp: 1715440571685
- kind: conda
  name: openssl
  version: 3.3.1
  build: h4bc722e_2
  build_number: 2
  subdir: linux-64
  url: https://conda.anaconda.org/conda-forge/linux-64/openssl-3.3.1-h4bc722e_2.conda
  sha256: b294b3cc706ad1048cdb514f0db3da9f37ae3fcc0c53a7104083dd0918adb200
  md5: e1b454497f9f7c1147fdde4b53f1b512
  depends:
  - __glibc >=2.17,<3.0.a0
  - ca-certificates
  - libgcc-ng >=12
  constrains:
  - pyopenssl >=22.1
  license: Apache-2.0
  license_family: Apache
  size: 2895213
  timestamp: 1721194688955
- kind: conda
  name: rhash
  version: 1.4.4
  build: hd590300_0
  subdir: linux-64
  url: https://conda.anaconda.org/conda-forge/linux-64/rhash-1.4.4-hd590300_0.conda
  sha256: 12711d2d4a808a503c2e49b25d26ecb351435521e814c154e682dd2be71c2611
  md5: ec972a9a2925ac8d7a19eb9606561fff
  depends:
  - libgcc-ng >=12
  license: MIT
  license_family: MIT
  size: 185144
  timestamp: 1693455923632
- kind: conda
  name: sysroot_linux-64
  version: '2.17'
  build: h4a8ded7_16
  build_number: 16
  subdir: noarch
  noarch: generic
  url: https://conda.anaconda.org/conda-forge/noarch/sysroot_linux-64-2.17-h4a8ded7_16.conda
  sha256: b892b0b9c6dc8efe8b9b5442597d1ab8d65c0dc7e4e5a80f822cbdf0a639bd77
  md5: 223fe8a3ff6d5e78484a9d58eb34d055
  depends:
  - _sysroot_linux-64_curr_repodata_hack 3.*
  - kernel-headers_linux-64 3.10.0 h4a8ded7_16
  - tzdata
  license: LGPL-2.0-or-later AND LGPL-2.0-or-later WITH exceptions AND GPL-2.0-or-later AND MPL-2.0
  license_family: GPL
  size: 15513240
  timestamp: 1720621429816
- kind: conda
  name: tzdata
  version: 2024a
  build: h0c530f3_0
  subdir: noarch
  noarch: generic
  url: https://conda.anaconda.org/conda-forge/noarch/tzdata-2024a-h0c530f3_0.conda
  sha256: 7b2b69c54ec62a243eb6fba2391b5e443421608c3ae5dbff938ad33ca8db5122
  md5: 161081fc7cec0bfda0d86d7cb595f8d8
  license: LicenseRef-Public-Domain
  size: 119815
  timestamp: 1706886945727
- kind: conda
  name: xz
  version: 5.2.6
  build: h166bdaf_0
  subdir: linux-64
  url: https://conda.anaconda.org/conda-forge/linux-64/xz-5.2.6-h166bdaf_0.tar.bz2
  sha256: 03a6d28ded42af8a347345f82f3eebdd6807a08526d47899a42d62d319609162
  md5: 2161070d867d1b1204ea749c8eec4ef0
  depends:
  - libgcc-ng >=12
  license: LGPL-2.1 and GPL-2.0
  size: 418368
  timestamp: 1660346797927
- kind: conda
  name: zstd
  version: 1.5.6
  build: ha6fb4c9_0
  subdir: linux-64
  url: https://conda.anaconda.org/conda-forge/linux-64/zstd-1.5.6-ha6fb4c9_0.conda
  sha256: c558b9cc01d9c1444031bd1ce4b9cff86f9085765f17627a6cd85fc623c8a02b
  md5: 4d056880988120e29d75bfff282e0f45
  depends:
  - libgcc-ng >=12
  - libstdcxx-ng >=12
  - libzlib >=1.2.13,<2.0.0a0
  license: BSD-3-Clause
  license_family: BSD
  size: 554846
  timestamp: 1714722996770
