version: 5
environments:
  default:
    channels:
    - url: https://conda.anaconda.org/conda-forge/
    packages: {}
  docs:
    channels:
    - url: https://conda.anaconda.org/conda-forge/
    indexes:
    - https://pypi.org/simple
    packages:
      linux-64:
      - conda: https://conda.anaconda.org/conda-forge/linux-64/_libgcc_mutex-0.1-conda_forge.tar.bz2
      - conda: https://conda.anaconda.org/conda-forge/linux-64/_openmp_mutex-4.5-2_gnu.tar.bz2
      - conda: https://conda.anaconda.org/conda-forge/linux-64/bzip2-1.0.8-h4bc722e_7.conda
      - conda: https://conda.anaconda.org/conda-forge/linux-64/ca-certificates-2024.7.4-hbcca054_0.conda
      - conda: https://conda.anaconda.org/conda-forge/noarch/click-8.1.7-unix_pyh707e725_0.conda
      - conda: https://conda.anaconda.org/conda-forge/linux-64/giflib-5.2.2-hd590300_0.conda
      - conda: https://conda.anaconda.org/conda-forge/linux-64/icu-73.2-h59595ed_0.conda
      - conda: https://conda.anaconda.org/conda-forge/linux-64/ld_impl_linux-64-2.40-hf3520f5_7.conda
      - conda: https://conda.anaconda.org/conda-forge/linux-64/lerc-4.0.0-h27087fc_0.tar.bz2
      - conda: https://conda.anaconda.org/conda-forge/linux-64/libdeflate-1.20-hd590300_0.conda
      - conda: https://conda.anaconda.org/conda-forge/linux-64/libexpat-2.6.2-h59595ed_0.conda
      - conda: https://conda.anaconda.org/conda-forge/linux-64/libffi-3.4.2-h7f98852_5.tar.bz2
      - conda: https://conda.anaconda.org/conda-forge/linux-64/libgcc-ng-14.1.0-h77fa898_0.conda
      - conda: https://conda.anaconda.org/conda-forge/linux-64/libgomp-14.1.0-h77fa898_0.conda
      - conda: https://conda.anaconda.org/conda-forge/linux-64/libjpeg-turbo-3.0.0-hd590300_1.conda
      - conda: https://conda.anaconda.org/conda-forge/linux-64/libnsl-2.0.1-hd590300_0.conda
      - conda: https://conda.anaconda.org/conda-forge/linux-64/libpng-1.6.43-h2797004_0.conda
      - conda: https://conda.anaconda.org/conda-forge/linux-64/libsqlite-3.46.0-hde9e2c9_0.conda
      - conda: https://conda.anaconda.org/conda-forge/linux-64/libstdcxx-ng-14.1.0-hc0a3c3a_0.conda
      - conda: https://conda.anaconda.org/conda-forge/linux-64/libtiff-4.6.0-h1dd3fc0_3.conda
      - conda: https://conda.anaconda.org/conda-forge/linux-64/libuuid-2.38.1-h0b41bf4_0.conda
      - conda: https://conda.anaconda.org/conda-forge/linux-64/libuv-1.48.0-hd590300_0.conda
      - conda: https://conda.anaconda.org/conda-forge/linux-64/libwebp-1.4.0-h2c329e2_0.conda
      - conda: https://conda.anaconda.org/conda-forge/linux-64/libwebp-base-1.4.0-hd590300_0.conda
      - conda: https://conda.anaconda.org/conda-forge/linux-64/libxcrypt-4.4.36-hd590300_1.conda
      - conda: https://conda.anaconda.org/conda-forge/linux-64/libzlib-1.3.1-h4ab18f5_1.conda
      - conda: https://conda.anaconda.org/conda-forge/noarch/markdown-it-py-3.0.0-pyhd8ed1ab_0.conda
      - conda: https://conda.anaconda.org/conda-forge/noarch/mdurl-0.1.2-pyhd8ed1ab_0.conda
      - conda: https://conda.anaconda.org/conda-forge/noarch/mystmd-1.2.9-pyhd8ed1ab_0.conda
      - conda: https://conda.anaconda.org/conda-forge/linux-64/ncurses-6.5-h59595ed_0.conda
      - conda: https://conda.anaconda.org/conda-forge/linux-64/nodejs-22.4.1-h6d9b948_0.conda
      - conda: https://conda.anaconda.org/conda-forge/linux-64/openssl-3.3.1-h4ab18f5_1.conda
      - conda: https://conda.anaconda.org/conda-forge/noarch/pygments-2.18.0-pyhd8ed1ab_0.conda
      - conda: https://conda.anaconda.org/conda-forge/linux-64/python-3.12.4-h194c7f8_0_cpython.conda
      - conda: https://conda.anaconda.org/conda-forge/linux-64/readline-8.2-h8228510_1.conda
      - conda: https://conda.anaconda.org/conda-forge/noarch/rich-13.7.1-pyhd8ed1ab_0.conda
      - conda: https://conda.anaconda.org/conda-forge/noarch/shellingham-1.5.4-pyhd8ed1ab_0.conda
      - conda: https://conda.anaconda.org/conda-forge/linux-64/tk-8.6.13-noxft_h4845f30_101.conda
      - conda: https://conda.anaconda.org/conda-forge/noarch/typer-0.12.3-pyhd8ed1ab_0.conda
      - conda: https://conda.anaconda.org/conda-forge/noarch/typer-slim-0.12.3-pyhd8ed1ab_0.conda
      - conda: https://conda.anaconda.org/conda-forge/noarch/typer-slim-standard-0.12.3-hd8ed1ab_0.conda
      - conda: https://conda.anaconda.org/conda-forge/noarch/typing_extensions-4.12.2-pyha770c72_0.conda
      - conda: https://conda.anaconda.org/conda-forge/noarch/tzdata-2024a-h0c530f3_0.conda
      - conda: https://conda.anaconda.org/conda-forge/linux-64/xz-5.2.6-h166bdaf_0.tar.bz2
      - conda: https://conda.anaconda.org/conda-forge/linux-64/zlib-1.3.1-h4ab18f5_1.conda
      - conda: https://conda.anaconda.org/conda-forge/linux-64/zstd-1.5.6-ha6fb4c9_0.conda
      - pypi: https://files.pythonhosted.org/packages/27/98/318351f17c4c2f59b7d7fc8280fc95c0159357732a26cc6b33de0aeca44d/astroid-3.2.3-py3-none-any.whl
      - pypi: sphinx-autodoc2
packages:
- kind: conda
  name: _libgcc_mutex
  version: '0.1'
  build: conda_forge
  subdir: linux-64
  url: https://conda.anaconda.org/conda-forge/linux-64/_libgcc_mutex-0.1-conda_forge.tar.bz2
  sha256: fe51de6107f9edc7aa4f786a70f4a883943bc9d39b3bb7307c04c41410990726
  md5: d7c89558ba9fa0495403155b64376d81
  license: None
  purls: []
  size: 2562
  timestamp: 1578324546067
- kind: conda
  name: _openmp_mutex
  version: '4.5'
  build: 2_gnu
  build_number: 16
  subdir: linux-64
  url: https://conda.anaconda.org/conda-forge/linux-64/_openmp_mutex-4.5-2_gnu.tar.bz2
  sha256: fbe2c5e56a653bebb982eda4876a9178aedfc2b545f25d0ce9c4c0b508253d22
  md5: 73aaf86a425cc6e73fcf236a5a46396d
  depends:
  - _libgcc_mutex 0.1 conda_forge
  - libgomp >=7.5.0
  constrains:
  - openmp_impl 9999
  license: BSD-3-Clause
  license_family: BSD
  purls: []
  size: 23621
  timestamp: 1650670423406
- kind: pypi
  name: astroid
  version: 3.2.3
  url: https://files.pythonhosted.org/packages/27/98/318351f17c4c2f59b7d7fc8280fc95c0159357732a26cc6b33de0aeca44d/astroid-3.2.3-py3-none-any.whl
  sha256: 3eae9ea67c11c858cdd2c91337d2e816bd019ac897ca07d7b346ac10105fceb3
  requires_dist:
  - typing-extensions>=4.0.0 ; python_version < '3.11'
  requires_python: '>=3.8.0'
- kind: conda
  name: bzip2
  version: 1.0.8
  build: h4bc722e_7
  build_number: 7
  subdir: linux-64
  url: https://conda.anaconda.org/conda-forge/linux-64/bzip2-1.0.8-h4bc722e_7.conda
  sha256: 5ced96500d945fb286c9c838e54fa759aa04a7129c59800f0846b4335cee770d
  md5: 62ee74e96c5ebb0af99386de58cf9553
  depends:
  - __glibc >=2.17,<3.0.a0
  - libgcc-ng >=12
  license: bzip2-1.0.6
  license_family: BSD
  purls: []
  size: 252783
  timestamp: 1720974456583
- kind: conda
  name: ca-certificates
  version: 2024.7.4
  build: hbcca054_0
  subdir: linux-64
  url: https://conda.anaconda.org/conda-forge/linux-64/ca-certificates-2024.7.4-hbcca054_0.conda
  sha256: c1548a3235376f464f9931850b64b02492f379b2f2bb98bc786055329b080446
  md5: 23ab7665c5f63cfb9f1f6195256daac6
  license: ISC
  purls: []
  size: 154853
  timestamp: 1720077432978
- kind: conda
  name: click
  version: 8.1.7
  build: unix_pyh707e725_0
  subdir: noarch
  noarch: python
  url: https://conda.anaconda.org/conda-forge/noarch/click-8.1.7-unix_pyh707e725_0.conda
  sha256: f0016cbab6ac4138a429e28dbcb904a90305b34b3fe41a9b89d697c90401caec
  md5: f3ad426304898027fc619827ff428eca
  depends:
  - __unix
  - python >=3.8
  license: BSD-3-Clause
  license_family: BSD
  purls:
  - pkg:pypi/click?source=conda-forge-mapping
  size: 84437
  timestamp: 1692311973840
- kind: conda
  name: giflib
  version: 5.2.2
  build: hd590300_0
  subdir: linux-64
  url: https://conda.anaconda.org/conda-forge/linux-64/giflib-5.2.2-hd590300_0.conda
  sha256: aac402a8298f0c0cc528664249170372ef6b37ac39fdc92b40601a6aed1e32ff
  md5: 3bf7b9fd5a7136126e0234db4b87c8b6
  depends:
  - libgcc-ng >=12
  license: MIT
  license_family: MIT
  purls: []
  size: 77248
  timestamp: 1712692454246
- kind: conda
  name: icu
  version: '73.2'
  build: h59595ed_0
  subdir: linux-64
  url: https://conda.anaconda.org/conda-forge/linux-64/icu-73.2-h59595ed_0.conda
  sha256: e12fd90ef6601da2875ebc432452590bc82a893041473bc1c13ef29001a73ea8
  md5: cc47e1facc155f91abd89b11e48e72ff
  depends:
  - libgcc-ng >=12
  - libstdcxx-ng >=12
  license: MIT
  license_family: MIT
  purls: []
  size: 12089150
  timestamp: 1692900650789
- kind: conda
  name: ld_impl_linux-64
  version: '2.40'
  build: hf3520f5_7
  build_number: 7
  subdir: linux-64
  url: https://conda.anaconda.org/conda-forge/linux-64/ld_impl_linux-64-2.40-hf3520f5_7.conda
  sha256: 764b6950aceaaad0c67ef925417594dd14cd2e22fff864aeef455ac259263d15
  md5: b80f2f396ca2c28b8c14c437a4ed1e74
  constrains:
  - binutils_impl_linux-64 2.40
  license: GPL-3.0-only
  license_family: GPL
  purls: []
  size: 707602
  timestamp: 1718625640445
- kind: conda
  name: lerc
  version: 4.0.0
  build: h27087fc_0
  subdir: linux-64
  url: https://conda.anaconda.org/conda-forge/linux-64/lerc-4.0.0-h27087fc_0.tar.bz2
  sha256: cb55f36dcd898203927133280ae1dc643368af041a48bcf7c026acb7c47b0c12
  md5: 76bbff344f0134279f225174e9064c8f
  depends:
  - libgcc-ng >=12
  - libstdcxx-ng >=12
  license: Apache-2.0
  license_family: Apache
  purls: []
  size: 281798
  timestamp: 1657977462600
- kind: conda
  name: libdeflate
  version: '1.20'
  build: hd590300_0
  subdir: linux-64
  url: https://conda.anaconda.org/conda-forge/linux-64/libdeflate-1.20-hd590300_0.conda
  sha256: f8e0f25c382b1d0b87a9b03887a34dbd91485453f1ea991fef726dba57373612
  md5: 8e88f9389f1165d7c0936fe40d9a9a79
  depends:
  - libgcc-ng >=12
  license: MIT
  license_family: MIT
  purls: []
  size: 71500
  timestamp: 1711196523408
- kind: conda
  name: libexpat
  version: 2.6.2
  build: h59595ed_0
  subdir: linux-64
  url: https://conda.anaconda.org/conda-forge/linux-64/libexpat-2.6.2-h59595ed_0.conda
  sha256: 331bb7c7c05025343ebd79f86ae612b9e1e74d2687b8f3179faec234f986ce19
  md5: e7ba12deb7020dd080c6c70e7b6f6a3d
  depends:
  - libgcc-ng >=12
  constrains:
  - expat 2.6.2.*
  license: MIT
  license_family: MIT
  purls: []
  size: 73730
  timestamp: 1710362120304
- kind: conda
  name: libffi
  version: 3.4.2
  build: h7f98852_5
  build_number: 5
  subdir: linux-64
  url: https://conda.anaconda.org/conda-forge/linux-64/libffi-3.4.2-h7f98852_5.tar.bz2
  sha256: ab6e9856c21709b7b517e940ae7028ae0737546122f83c2aa5d692860c3b149e
  md5: d645c6d2ac96843a2bfaccd2d62b3ac3
  depends:
  - libgcc-ng >=9.4.0
  license: MIT
  license_family: MIT
  purls: []
  size: 58292
  timestamp: 1636488182923
- kind: conda
  name: libgcc-ng
  version: 14.1.0
  build: h77fa898_0
  subdir: linux-64
  url: https://conda.anaconda.org/conda-forge/linux-64/libgcc-ng-14.1.0-h77fa898_0.conda
  sha256: b8e869ac96591cda2704bf7e77a301025e405227791a0bddf14a3dac65125538
  md5: ca0fad6a41ddaef54a153b78eccb5037
  depends:
  - _libgcc_mutex 0.1 conda_forge
  - _openmp_mutex >=4.5
  constrains:
  - libgomp 14.1.0 h77fa898_0
  license: GPL-3.0-only WITH GCC-exception-3.1
  license_family: GPL
  purls: []
  size: 842109
  timestamp: 1719538896937
- kind: conda
  name: libgomp
  version: 14.1.0
  build: h77fa898_0
  subdir: linux-64
  url: https://conda.anaconda.org/conda-forge/linux-64/libgomp-14.1.0-h77fa898_0.conda
  sha256: 7699df61a1f6c644b3576a40f54791561f2845983120477a16116b951c9cdb05
  md5: ae061a5ed5f05818acdf9adab72c146d
  depends:
  - _libgcc_mutex 0.1 conda_forge
  license: GPL-3.0-only WITH GCC-exception-3.1
  license_family: GPL
  purls: []
  size: 456925
  timestamp: 1719538796073
- kind: conda
  name: libjpeg-turbo
  version: 3.0.0
  build: hd590300_1
  build_number: 1
  subdir: linux-64
  url: https://conda.anaconda.org/conda-forge/linux-64/libjpeg-turbo-3.0.0-hd590300_1.conda
  sha256: b954e09b7e49c2f2433d6f3bb73868eda5e378278b0f8c1dd10a7ef090e14f2f
  md5: ea25936bb4080d843790b586850f82b8
  depends:
  - libgcc-ng >=12
  constrains:
  - jpeg <0.0.0a
  license: IJG AND BSD-3-Clause AND Zlib
  purls: []
  size: 618575
  timestamp: 1694474974816
- kind: conda
  name: libnsl
  version: 2.0.1
  build: hd590300_0
  subdir: linux-64
  url: https://conda.anaconda.org/conda-forge/linux-64/libnsl-2.0.1-hd590300_0.conda
  sha256: 26d77a3bb4dceeedc2a41bd688564fe71bf2d149fdcf117049970bc02ff1add6
  md5: 30fd6e37fe21f86f4bd26d6ee73eeec7
  depends:
  - libgcc-ng >=12
  license: LGPL-2.1-only
  license_family: GPL
  purls: []
  size: 33408
  timestamp: 1697359010159
- kind: conda
  name: libpng
  version: 1.6.43
  build: h2797004_0
  subdir: linux-64
  url: https://conda.anaconda.org/conda-forge/linux-64/libpng-1.6.43-h2797004_0.conda
  sha256: 502f6ff148ac2777cc55ae4ade01a8fc3543b4ffab25c4e0eaa15f94e90dd997
  md5: 009981dd9cfcaa4dbfa25ffaed86bcae
  depends:
  - libgcc-ng >=12
  - libzlib >=1.2.13,<2.0.0a0
  license: zlib-acknowledgement
  purls: []
  size: 288221
  timestamp: 1708780443939
- kind: conda
  name: libsqlite
  version: 3.46.0
  build: hde9e2c9_0
  subdir: linux-64
  url: https://conda.anaconda.org/conda-forge/linux-64/libsqlite-3.46.0-hde9e2c9_0.conda
  sha256: daee3f68786231dad457d0dfde3f7f1f9a7f2018adabdbb864226775101341a8
  md5: 18aa975d2094c34aef978060ae7da7d8
  depends:
  - libgcc-ng >=12
  - libzlib >=1.2.13,<2.0a0
  license: Unlicense
  purls: []
  size: 865346
  timestamp: 1718050628718
- kind: conda
  name: libstdcxx-ng
  version: 14.1.0
  build: hc0a3c3a_0
  subdir: linux-64
  url: https://conda.anaconda.org/conda-forge/linux-64/libstdcxx-ng-14.1.0-hc0a3c3a_0.conda
  sha256: 88c42b388202ffe16adaa337e36cf5022c63cf09b0405cf06fc6aeacccbe6146
  md5: 1cb187a157136398ddbaae90713e2498
  depends:
  - libgcc-ng 14.1.0 h77fa898_0
  license: GPL-3.0-only WITH GCC-exception-3.1
  license_family: GPL
  purls: []
  size: 3881307
  timestamp: 1719538923443
- kind: conda
  name: libtiff
  version: 4.6.0
  build: h1dd3fc0_3
  build_number: 3
  subdir: linux-64
  url: https://conda.anaconda.org/conda-forge/linux-64/libtiff-4.6.0-h1dd3fc0_3.conda
  sha256: fc3b210f9584a92793c07396cb93e72265ff3f1fa7ca629128bf0a50d5cb15e4
  md5: 66f03896ffbe1a110ffda05c7a856504
  depends:
  - lerc >=4.0.0,<5.0a0
  - libdeflate >=1.20,<1.21.0a0
  - libgcc-ng >=12
  - libjpeg-turbo >=3.0.0,<4.0a0
  - libstdcxx-ng >=12
  - libwebp-base >=1.3.2,<2.0a0
  - libzlib >=1.2.13,<2.0.0a0
  - xz >=5.2.6,<6.0a0
  - zstd >=1.5.5,<1.6.0a0
  license: HPND
  purls: []
  size: 282688
  timestamp: 1711217970425
- kind: conda
  name: libuuid
  version: 2.38.1
  build: h0b41bf4_0
  subdir: linux-64
  url: https://conda.anaconda.org/conda-forge/linux-64/libuuid-2.38.1-h0b41bf4_0.conda
  sha256: 787eb542f055a2b3de553614b25f09eefb0a0931b0c87dbcce6efdfd92f04f18
  md5: 40b61aab5c7ba9ff276c41cfffe6b80b
  depends:
  - libgcc-ng >=12
  license: BSD-3-Clause
  license_family: BSD
  purls: []
  size: 33601
  timestamp: 1680112270483
- kind: conda
  name: libuv
  version: 1.48.0
  build: hd590300_0
  subdir: linux-64
  url: https://conda.anaconda.org/conda-forge/linux-64/libuv-1.48.0-hd590300_0.conda
  sha256: b7c0e8a0c93c2621be7645b37123d4e8d27e8a974da26a3fba47a9c37711aa7f
  md5: 7e8b914b1062dd4386e3de4d82a3ead6
  depends:
  - libgcc-ng >=12
  license: MIT
  license_family: MIT
  purls: []
  size: 899979
  timestamp: 1709913354710
- kind: conda
  name: libwebp
  version: 1.4.0
  build: h2c329e2_0
  subdir: linux-64
  url: https://conda.anaconda.org/conda-forge/linux-64/libwebp-1.4.0-h2c329e2_0.conda
  sha256: bd45805b169e3e0ff166d360c3c4842d77107d28c8f9feba020a8e8b9c80f948
  md5: 80030debaa84cfc31755d53742df3ca6
  depends:
  - giflib >=5.2.2,<5.3.0a0
  - libgcc-ng >=12
  - libjpeg-turbo >=3.0.0,<4.0a0
  - libpng >=1.6.43,<1.7.0a0
  - libtiff >=4.6.0,<4.7.0a0
  - libwebp-base 1.4.0.*
  - libwebp-base >=1.4.0,<2.0a0
  license: BSD-3-Clause
  license_family: BSD
  purls: []
  size: 91941
  timestamp: 1714599671055
- kind: conda
  name: libwebp-base
  version: 1.4.0
  build: hd590300_0
  subdir: linux-64
  url: https://conda.anaconda.org/conda-forge/linux-64/libwebp-base-1.4.0-hd590300_0.conda
  sha256: 49bc5f6b1e11cb2babf2a2a731d1a680a5e08a858280876a779dbda06c78c35f
  md5: b26e8aa824079e1be0294e7152ca4559
  depends:
  - libgcc-ng >=12
  constrains:
  - libwebp 1.4.0
  license: BSD-3-Clause
  license_family: BSD
  purls: []
  size: 438953
  timestamp: 1713199854503
- kind: conda
  name: libxcrypt
  version: 4.4.36
  build: hd590300_1
  build_number: 1
  subdir: linux-64
  url: https://conda.anaconda.org/conda-forge/linux-64/libxcrypt-4.4.36-hd590300_1.conda
  sha256: 6ae68e0b86423ef188196fff6207ed0c8195dd84273cb5623b85aa08033a410c
  md5: 5aa797f8787fe7a17d1b0821485b5adc
  depends:
  - libgcc-ng >=12
  license: LGPL-2.1-or-later
  purls: []
  size: 100393
  timestamp: 1702724383534
- kind: conda
  name: libzlib
  version: 1.3.1
  build: h4ab18f5_1
  build_number: 1
  subdir: linux-64
  url: https://conda.anaconda.org/conda-forge/linux-64/libzlib-1.3.1-h4ab18f5_1.conda
  sha256: adf6096f98b537a11ae3729eaa642b0811478f0ea0402ca67b5108fe2cb0010d
  md5: 57d7dc60e9325e3de37ff8dffd18e814
  depends:
  - libgcc-ng >=12
  constrains:
  - zlib 1.3.1 *_1
  license: Zlib
  license_family: Other
  purls: []
  size: 61574
  timestamp: 1716874187109
- kind: conda
  name: markdown-it-py
  version: 3.0.0
  build: pyhd8ed1ab_0
  subdir: noarch
  noarch: python
  url: https://conda.anaconda.org/conda-forge/noarch/markdown-it-py-3.0.0-pyhd8ed1ab_0.conda
  sha256: c041b0eaf7a6af3344d5dd452815cdc148d6284fec25a4fa3f4263b3a021e962
  md5: 93a8e71256479c62074356ef6ebf501b
  depends:
  - mdurl >=0.1,<1
  - python >=3.8
  license: MIT
  license_family: MIT
  purls:
  - pkg:pypi/markdown-it-py?source=conda-forge-mapping
  size: 64356
  timestamp: 1686175179621
- kind: conda
  name: mdurl
  version: 0.1.2
  build: pyhd8ed1ab_0
  subdir: noarch
  noarch: python
  url: https://conda.anaconda.org/conda-forge/noarch/mdurl-0.1.2-pyhd8ed1ab_0.conda
  sha256: 64073dfb6bb429d52fff30891877b48c7ec0f89625b1bf844905b66a81cce6e1
  md5: 776a8dd9e824f77abac30e6ef43a8f7a
  depends:
  - python >=3.6
  license: MIT
  license_family: MIT
  purls:
  - pkg:pypi/mdurl?source=conda-forge-mapping
  size: 14680
  timestamp: 1704317789138
- kind: conda
  name: mystmd
  version: 1.2.9
  build: pyhd8ed1ab_0
  subdir: noarch
  noarch: python
  url: https://conda.anaconda.org/conda-forge/noarch/mystmd-1.2.9-pyhd8ed1ab_0.conda
  sha256: 226ff9dbf6801804f1fd6ab68f7d35ab1bd68493c780b8c19b6c2a23e9692c33
  md5: e7e3724a1d7dd48ab1e1365dddb9fb8b
  depends:
  - nodejs >=18
  - python >=3.8
  license: MIT
  license_family: MIT
  purls:
  - pkg:pypi/mystmd?source=conda-forge-mapping
  size: 1878279
  timestamp: 1718970949483
- kind: conda
  name: ncurses
  version: '6.5'
  build: h59595ed_0
  subdir: linux-64
  url: https://conda.anaconda.org/conda-forge/linux-64/ncurses-6.5-h59595ed_0.conda
  sha256: 4fc3b384f4072b68853a0013ea83bdfd3d66b0126e2238e1d6e1560747aa7586
  md5: fcea371545eda051b6deafb24889fc69
  depends:
  - libgcc-ng >=12
  license: X11 AND BSD-3-Clause
  purls: []
  size: 887465
  timestamp: 1715194722503
- kind: conda
  name: nodejs
  version: 22.4.1
  build: h6d9b948_0
  subdir: linux-64
  url: https://conda.anaconda.org/conda-forge/linux-64/nodejs-22.4.1-h6d9b948_0.conda
  sha256: 9062630f75661704785a99c5493a0d313adfd3a866ddec2c7e3c9667a90943c6
  md5: e85cc927b96458f99222f7db9aa3a3de
  depends:
  - __glibc >=2.17,<3.0.a0
  - icu >=73.2,<74.0a0
  - libgcc-ng >=12
  - libstdcxx-ng >=12
  - libuv >=1.48.0,<2.0a0
  - libzlib >=1.3.1,<2.0a0
  - openssl >=3.3.1,<4.0a0
  - zlib
  license: MIT
  license_family: MIT
  purls: []
  size: 20672046
  timestamp: 1720723808972
- kind: conda
  name: openssl
  version: 3.3.1
  build: h4ab18f5_1
  build_number: 1
  subdir: linux-64
  url: https://conda.anaconda.org/conda-forge/linux-64/openssl-3.3.1-h4ab18f5_1.conda
  sha256: ff3faf8d4c1c9aa4bd3263b596a68fcc6ac910297f354b2ce28718a3509db6d9
  md5: b1e9d076f14e8d776213fd5047b4c3d9
  depends:
  - ca-certificates
  - libgcc-ng >=12
  constrains:
  - pyopenssl >=22.1
  license: Apache-2.0
  license_family: Apache
  purls: []
  size: 2896610
  timestamp: 1719363957188
- kind: conda
  name: pygments
  version: 2.18.0
  build: pyhd8ed1ab_0
  subdir: noarch
  noarch: python
  url: https://conda.anaconda.org/conda-forge/noarch/pygments-2.18.0-pyhd8ed1ab_0.conda
  sha256: 78267adf4e76d0d64ea2ffab008c501156c108bb08fecb703816fb63e279780b
  md5: b7f5c092b8f9800150d998a71b76d5a1
  depends:
  - python >=3.8
  license: BSD-2-Clause
  license_family: BSD
  purls:
  - pkg:pypi/pygments?source=conda-forge-mapping
  size: 879295
  timestamp: 1714846885370
- kind: conda
  name: python
  version: 3.12.4
  build: h194c7f8_0_cpython
  subdir: linux-64
  url: https://conda.anaconda.org/conda-forge/linux-64/python-3.12.4-h194c7f8_0_cpython.conda
  sha256: 97a78631e6c928bf7ad78d52f7f070fcf3bd37619fa48dc4394c21cf3058cdee
  md5: d73490214f536cccb5819e9873048c92
  depends:
  - bzip2 >=1.0.8,<2.0a0
  - ld_impl_linux-64 >=2.36.1
  - libexpat >=2.6.2,<3.0a0
  - libffi >=3.4,<4.0a0
  - libgcc-ng >=12
  - libnsl >=2.0.1,<2.1.0a0
  - libsqlite >=3.46.0,<4.0a0
  - libuuid >=2.38.1,<3.0a0
  - libxcrypt >=4.4.36
  - libzlib >=1.3.1,<2.0a0
  - ncurses >=6.5,<7.0a0
  - openssl >=3.3.1,<4.0a0
  - readline >=8.2,<9.0a0
  - tk >=8.6.13,<8.7.0a0
  - tzdata
  - xz >=5.2.6,<6.0a0
  constrains:
  - python_abi 3.12.* *_cp312
  license: Python-2.0
  purls: []
  size: 32073625
  timestamp: 1718621771849
- kind: conda
  name: readline
  version: '8.2'
  build: h8228510_1
  build_number: 1
  subdir: linux-64
  url: https://conda.anaconda.org/conda-forge/linux-64/readline-8.2-h8228510_1.conda
  sha256: 5435cf39d039387fbdc977b0a762357ea909a7694d9528ab40f005e9208744d7
  md5: 47d31b792659ce70f470b5c82fdfb7a4
  depends:
  - libgcc-ng >=12
  - ncurses >=6.3,<7.0a0
  license: GPL-3.0-only
  license_family: GPL
  purls: []
  size: 281456
  timestamp: 1679532220005
- kind: conda
  name: rich
  version: 13.7.1
  build: pyhd8ed1ab_0
  subdir: noarch
  noarch: python
  url: https://conda.anaconda.org/conda-forge/noarch/rich-13.7.1-pyhd8ed1ab_0.conda
  sha256: 2b26d58aa59e46f933c3126367348651b0dab6e0bf88014e857415bb184a4667
  md5: ba445bf767ae6f0d959ff2b40c20912b
  depends:
  - markdown-it-py >=2.2.0
  - pygments >=2.13.0,<3.0.0
  - python >=3.7.0
  - typing_extensions >=4.0.0,<5.0.0
  license: MIT
  license_family: MIT
  purls:
  - pkg:pypi/rich?source=conda-forge-mapping
  size: 184347
  timestamp: 1709150578093
- kind: conda
  name: shellingham
  version: 1.5.4
  build: pyhd8ed1ab_0
  subdir: noarch
  noarch: python
  url: https://conda.anaconda.org/conda-forge/noarch/shellingham-1.5.4-pyhd8ed1ab_0.conda
  sha256: 3c49a0a101c41b7cf6ac05a1872d7a1f91f1b6d02eecb4a36b605a19517862bb
  md5: d08db09a552699ee9e7eec56b4eb3899
  depends:
  - python >=3.7
  license: MIT
  license_family: MIT
  purls:
  - pkg:pypi/shellingham?source=conda-forge-mapping
  size: 14568
  timestamp: 1698144516278
- kind: pypi
  name: sphinx-autodoc2
  version: 0.5.0
  path: sphinx-autodoc2
  sha256: 49a736c5c922605b89a65a78b094c702a39271ca072bba9d5a6c5e270e258896
  requires_dist:
  - astroid>=2.7,<4
  - tomli ; python_version < '3.11'
  - typing-extensions
  - typer[all] ; extra == 'cli'
  - sphinx>=4.0.0 ; extra == 'docs'
  - furo ; extra == 'docs'
  - myst-parser ; extra == 'docs'
  - sphinx>=4.0.0 ; extra == 'sphinx'
  - pytest ; extra == 'testing'
  - pytest-regressions ; extra == 'testing'
  - pytest-cov ; extra == 'testing'
  - sphinx>=4.0.0,<7 ; extra == 'testing'
  requires_python: '>=3.8'
  editable: true
- kind: conda
  name: tk
  version: 8.6.13
  build: noxft_h4845f30_101
  build_number: 101
  subdir: linux-64
  url: https://conda.anaconda.org/conda-forge/linux-64/tk-8.6.13-noxft_h4845f30_101.conda
  sha256: e0569c9caa68bf476bead1bed3d79650bb080b532c64a4af7d8ca286c08dea4e
  md5: d453b98d9c83e71da0741bb0ff4d76bc
  depends:
  - libgcc-ng >=12
  - libzlib >=1.2.13,<2.0.0a0
  license: TCL
  license_family: BSD
  purls: []
  size: 3318875
  timestamp: 1699202167581
- kind: conda
  name: typer
  version: 0.12.3
  build: pyhd8ed1ab_0
  subdir: noarch
  noarch: python
  url: https://conda.anaconda.org/conda-forge/noarch/typer-0.12.3-pyhd8ed1ab_0.conda
  sha256: b8b182303858c512fa04f38a3123c892958f708d2ae90afd35246da7c4829485
  md5: 10efd02b22c39c0a46312ef7cb16d237
  depends:
  - python >=3.7
  - typer-slim-standard 0.12.3 hd8ed1ab_0
  license: MIT
  license_family: MIT
  purls:
  - pkg:pypi/typer?source=conda-forge-mapping
  size: 52670
  timestamp: 1712702716762
- kind: conda
  name: typer-slim
  version: 0.12.3
  build: pyhd8ed1ab_0
  subdir: noarch
  noarch: python
  url: https://conda.anaconda.org/conda-forge/noarch/typer-slim-0.12.3-pyhd8ed1ab_0.conda
  sha256: 01dcb54375c8eae54d13374ed3d5823635401c552340b87e67fdbbb507760596
  md5: cf2c3a89f89644c53cadbfeb124914e9
  depends:
  - click >=8.0.0
  - python >=3.7
  - typing_extensions >=3.7.4.3
  constrains:
  - shellingham >=1.3.0,<2.0.0
  - rich >=10.11.0,<14.0.0
  - typer >=0.12.3,<0.12.4.0a0
  license: MIT
  license_family: MIT
  purls:
  - pkg:pypi/typer-slim?source=conda-forge-mapping
  size: 45674
  timestamp: 1712702684668
- kind: conda
  name: typer-slim-standard
  version: 0.12.3
  build: hd8ed1ab_0
  subdir: noarch
  noarch: generic
  url: https://conda.anaconda.org/conda-forge/noarch/typer-slim-standard-0.12.3-hd8ed1ab_0.conda
  sha256: 06e2f8ca7e3f7168a39d3d2cc62ee1e220928e1e5a4370f4ade2566342c4a459
  md5: 8e56b98837d17e6ace4dc455d905709a
  depends:
  - rich
  - shellingham
  - typer-slim 0.12.3 pyhd8ed1ab_0
  license: MIT
  license_family: MIT
  purls: []
  size: 46047
  timestamp: 1712702688759
- kind: conda
  name: typing_extensions
  version: 4.12.2
  build: pyha770c72_0
  subdir: noarch
  noarch: python
  url: https://conda.anaconda.org/conda-forge/noarch/typing_extensions-4.12.2-pyha770c72_0.conda
  sha256: 0fce54f8ec3e59f5ef3bb7641863be4e1bf1279623e5af3d3fa726e8f7628ddb
  md5: ebe6952715e1d5eb567eeebf25250fa7
  depends:
  - python >=3.8
  license: PSF-2.0
  license_family: PSF
  purls:
  - pkg:pypi/typing-extensions?source=conda-forge-mapping
  size: 39888
  timestamp: 1717802653893
- kind: conda
  name: tzdata
  version: 2024a
  build: h0c530f3_0
  subdir: noarch
  noarch: generic
  url: https://conda.anaconda.org/conda-forge/noarch/tzdata-2024a-h0c530f3_0.conda
  sha256: 7b2b69c54ec62a243eb6fba2391b5e443421608c3ae5dbff938ad33ca8db5122
  md5: 161081fc7cec0bfda0d86d7cb595f8d8
  license: LicenseRef-Public-Domain
  purls: []
  size: 119815
  timestamp: 1706886945727
- kind: conda
  name: xz
  version: 5.2.6
  build: h166bdaf_0
  subdir: linux-64
  url: https://conda.anaconda.org/conda-forge/linux-64/xz-5.2.6-h166bdaf_0.tar.bz2
  sha256: 03a6d28ded42af8a347345f82f3eebdd6807a08526d47899a42d62d319609162
  md5: 2161070d867d1b1204ea749c8eec4ef0
  depends:
  - libgcc-ng >=12
  license: LGPL-2.1 and GPL-2.0
  purls: []
  size: 418368
  timestamp: 1660346797927
- kind: conda
  name: zlib
  version: 1.3.1
  build: h4ab18f5_1
  build_number: 1
  subdir: linux-64
  url: https://conda.anaconda.org/conda-forge/linux-64/zlib-1.3.1-h4ab18f5_1.conda
  sha256: cee16ab07a11303de721915f0a269e8c7a54a5c834aa52f74b1cc3a59000ade8
  md5: 9653f1bf3766164d0e65fa723cabbc54
  depends:
  - libgcc-ng >=12
  - libzlib 1.3.1 h4ab18f5_1
  license: Zlib
  license_family: Other
  purls: []
  size: 93004
  timestamp: 1716874213487
- kind: conda
  name: zstd
  version: 1.5.6
  build: ha6fb4c9_0
  subdir: linux-64
  url: https://conda.anaconda.org/conda-forge/linux-64/zstd-1.5.6-ha6fb4c9_0.conda
  sha256: c558b9cc01d9c1444031bd1ce4b9cff86f9085765f17627a6cd85fc623c8a02b
  md5: 4d056880988120e29d75bfff282e0f45
  depends:
  - libgcc-ng >=12
  - libstdcxx-ng >=12
  - libzlib >=1.2.13,<2.0.0a0
  license: BSD-3-Clause
  license_family: BSD
  purls: []
  size: 554846
  timestamp: 1714722996770
