{
  "version": "5",
  "specifiers": {
    "jsr:@std/cli@*": "1.0.20",
    "npm:@itk-wasm/image-io@*": "1.6.0",
    "npm:@itk-wasm/mesh-io@*": "1.7.0",
    "npm:commander@^11.1.0": "11.1.0",
    "npm:itk-wasm@*": "1.0.0-b.188",
    "npm:itk-wasm@1.0.0-b.188": "1.0.0-b.188"
  },
  "jsr": {
    "@std/cli@1.0.20": {
      "integrity": "a8c384a2c98cec6ec6a2055c273a916e2772485eb784af0db004c5ab8ba52333"
    }
  },
  "npm": {
    "@emnapi/wasi-threads@1.0.2": {
      "integrity": "sha512-5n3nTJblwRi8LlXkJ9eBzu+kZR8Yxcc7ubakyQTFzPMtIhFpUBRbsnc2Dv88IZDIbCDlBiWrknhB4Lsz7mg6BA==",
      "dependencies": [
        "tslib"
      ]
    },
    "@ipld/car@5.4.2": {
      "integrity": "sha512-gfyrJvePyXnh2Fbj8mPg4JYvEZ3izhk8C9WgAle7xIYbrJNSXmNQ6BxAls8Gof97vvGbCROdxbTWRmHJtTCbcg==",
      "dependencies": [
        "@ipld/dag-cbor",
        "cborg",
        "multiformats",
        "varint"
      ]
    },
    "@ipld/dag-cbor@9.2.4": {
      "integrity": "sha512-GbDWYl2fdJgkYtIJN0HY9oO0o50d1nB4EQb7uYWKUd2ztxCjxiEW3PjwGG0nqUpN1G4Cug6LX8NzbA7fKT+zfA==",
      "dependencies": [
        "cborg",
        "multiformats"
      ]
    },
    "@ipld/dag-json@10.2.5": {
      "integrity": "sha512-Q4Fr3IBDEN8gkpgNefynJ4U/ZO5Kwr7WSUMBDbZx0c37t0+IwQCTM9yJh8l5L4SRFjm31MuHwniZ/kM+P7GQ3Q==",
      "dependencies": [
        "cborg",
        "multiformats"
      ]
    },
    "@ipld/dag-pb@4.1.5": {
      "integrity": "sha512-w4PZ2yPqvNmlAir7/2hsCRMqny1EY5jj26iZcSgxREJexmbAc2FI21jp26MqiNdfgAxvkCnf2N/TJI18GaDNwA==",
      "dependencies": [
        "multiformats"
      ]
    },
    "@ipld/unixfs@3.0.0": {
      "integrity": "sha512-Tj3/BPOlnemcZQ2ETIZAO8hqAs9KNzWyX5J9+JCL9jDwvYwjxeYjqJ3v+9DusNvTBmJhZnGVP6ijUHrsuOLp+g==",
      "dependencies": [
        "@ipld/dag-pb",
        "@multiformats/murmur3",
        "@perma/map",
        "actor",
        "multiformats",
        "protobufjs",
        "rabin-rs"
      ]
    },
    "@itk-wasm/dam@1.1.1": {
      "integrity": "sha512-7+9L3lrLMKF4y6B6qjs8GqfbpxT0waOJUM14NdMNEA6M+BoBS8fdHREhQHo2s7QMA5O7I+Jv7m+dyqlisGnbdQ==",
      "dependencies": [
        "axios",
        "commander@10.0.1",
        "decompress",
        "files-from-path",
        "ipfs-car",
        "tar"
      ],
      "bin": true
    },
    "@itk-wasm/image-io@1.6.0": {
      "integrity": "sha512-cx+lHpTc3tmkfKMOMpuwGfQyhsYmac09NoOjeo5bOW45pp040boQiPow8Q/GQmjHUfI9c+H7SqeJCfKVS5SPRw==",
      "dependencies": [
        "axios",
        "itk-wasm",
        "mime-types"
      ]
    },
    "@itk-wasm/mesh-io@1.7.0": {
      "integrity": "sha512-D7LIgk7/SPuzBJm2k8Xp4ScjkVlB/UW4wZH9VncUk41JYADH5TR596Ml0ECk+NjbTpeB9XaiB8vs1sZASF4JLw==",
      "dependencies": [
        "itk-wasm",
        "mime-types"
      ]
    },
    "@multiformats/blake2@2.0.2": {
      "integrity": "sha512-AOWu6Tyuk5UoT5m4faB6ntVnPB8EmuD6rn18s4cCgHNEGgsamT8GdvjP9DYjzFHQVaP/0L3CaKqWQqJlXx9ecw==",
      "dependencies": [
        "blakejs",
        "multiformats"
      ]
    },
    "@multiformats/murmur3@2.1.8": {
      "integrity": "sha512-6vId1C46ra3R1sbJUOFCZnsUIveR9oF20yhPmAFxPm0JfrX3/ZRCgP3YDrBzlGoEppOXnA9czHeYc0T9mB6hbA==",
      "dependencies": [
        "multiformats",
        "murmurhash3js-revisited"
      ]
    },
    "@multiformats/sha3@3.0.2": {
      "integrity": "sha512-fBxODTXa1sOWYB9q6GSFe2HYSVwMEdnPa7c7FgNhr/rMFQ2HGtwmRppTm317HSpGSTUkoTvyKQDNcteJEGU+bg==",
      "dependencies": [
        "js-sha3",
        "multiformats"
      ]
    },
    "@perma/map@1.0.3": {
      "integrity": "sha512-Bf5njk0fnJGTFE2ETntq0N1oJ6YdCPIpTDn3R3KYZJQdeYSOCNL7mBrFlGnbqav8YQhJA/p81pvHINX9vAtHkQ==",
      "dependencies": [
        "@multiformats/murmur3",
        "murmurhash3js-revisited"
      ]
    },
    "@protobufjs/aspromise@1.1.2": {
      "integrity": "sha512-j+gKExEuLmKwvz3OgROXtrJ2UG2x8Ch2YZUxahh+s1F2HZ+wAceUNLkvy6zKCPVRkU++ZWQrdxsUeQXmcg4uoQ=="
    },
    "@protobufjs/base64@1.1.2": {
      "integrity": "sha512-AZkcAA5vnN/v4PDqKyMR5lx7hZttPDgClv83E//FMNhR2TMcLUhfRUBHCmSl0oi9zMgDDqRUJkSxO3wm85+XLg=="
    },
    "@protobufjs/codegen@2.0.4": {
      "integrity": "sha512-YyFaikqM5sH0ziFZCN3xDC7zeGaB/d0IUb9CATugHWbd1FRFwWwt4ld4OYMPWu5a3Xe01mGAULCdqhMlPl29Jg=="
    },
    "@protobufjs/eventemitter@1.1.0": {
      "integrity": "sha512-j9ednRT81vYJ9OfVuXG6ERSTdEL1xVsNgqpkxMsbIabzSo3goCjDIveeGv5d03om39ML71RdmrGNjG5SReBP/Q=="
    },
    "@protobufjs/fetch@1.1.0": {
      "integrity": "sha512-lljVXpqXebpsijW71PZaCYeIcE5on1w5DlQy5WH6GLbFryLUrBD4932W/E2BSpfRJWseIL4v/KPgBFxDOIdKpQ==",
      "dependencies": [
        "@protobufjs/aspromise",
        "@protobufjs/inquire"
      ]
    },
    "@protobufjs/float@1.0.2": {
      "integrity": "sha512-Ddb+kVXlXst9d+R9PfTIxh1EdNkgoRe5tOX6t01f1lYWOvJnSPDBlG241QLzcyPdoNTsblLUdujGSE4RzrTZGQ=="
    },
    "@protobufjs/inquire@1.1.0": {
      "integrity": "sha512-kdSefcPdruJiFMVSbn801t4vFK7KB/5gd2fYvrxhuJYg8ILrmn9SKSX2tZdV6V+ksulWqS7aXjBcRXl3wHoD9Q=="
    },
    "@protobufjs/path@1.1.2": {
      "integrity": "sha512-6JOcJ5Tm08dOHAbdR3GrvP+yUUfkjG5ePsHYczMFLq3ZmMkAD98cDgcT2iA1lJ9NVwFd4tH/iSSoe44YWkltEA=="
    },
    "@protobufjs/pool@1.1.0": {
      "integrity": "sha512-0kELaGSIDBKvcgS4zkjz1PeddatrjYcmMWOlAuAPwAeccUrPHdUqo/J6LiymHHEiJT5NrF1UVwxY14f+fy4WQw=="
    },
    "@protobufjs/utf8@1.1.0": {
      "integrity": "sha512-Vvn3zZrhQZkkBE8LSuW3em98c0FwgO4nxzv6OdSxPKJIEKY2bGbHn+mhGIPerzI4twdxaP8/0+06HBpwf345Lw=="
    },
    "@thewtex/zstddec@0.2.1": {
      "integrity": "sha512-1yTu7m/qU1nsJy4mCZAB3GAhczsClhw+WIXK0oe598eHcvefH16WLOYN4Uko7K2/Ttz9KEBvvT7WFrZD41ShgA=="
    },
    "@types/emscripten@1.40.1": {
      "integrity": "sha512-sr53lnYkQNhjHNN0oJDdUm5564biioI5DuOpycufDVK7D3y+GR3oUswe2rlwY1nPNyusHbrJ9WoTyIHl4/Bpwg=="
    },
    "@types/node@24.0.1": {
      "integrity": "sha512-MX4Zioh39chHlDJbKmEgydJDS3tspMP/lnQC67G3SWsTnb9NeYVWOjkxpOSy4oMfPs4StcWHwBrvUb4ybfnuaw==",
      "dependencies": [
        "undici-types"
      ]
    },
    "@web3-storage/car-block-validator@1.2.2": {
      "integrity": "sha512-lR9l+ZszhTid5HfZE8ohnGf2RJp2kaBOnoejmsACs3iTNiy+3K09dnPm8MhgBE9RCIgPBKM0CCWXO9l+I6jrKA==",
      "dependencies": [
        "@multiformats/blake2",
        "@multiformats/murmur3",
        "@multiformats/sha3",
        "multiformats",
        "uint8arrays"
      ]
    },
    "abort-error@1.0.1": {
      "integrity": "sha512-fxqCblJiIPdSXIUrxI0PL+eJG49QdP9SQ70qtB65MVAoMr2rASlOyAbJFOylfB467F/f+5BCLJJq58RYi7mGfg=="
    },
    "actor@2.3.1": {
      "integrity": "sha512-ST/3wnvcP2tKDXnum7nLCLXm+/rsf8vPocXH2Fre6D8FQwNkGDd4JEitBlXj007VQJfiGYRQvXqwOBZVi+JtRg=="
    },
    "asynckit@0.4.0": {
      "integrity": "sha512-Oei9OH4tRh0YqU3GxhX79dM/mwVgvbZJaSNaRk+bshkj0S5cfHcgYakreBjrHwatXKbz+IoIdYLxrKim2MjW0Q=="
    },
    "axios@1.9.0": {
      "integrity": "sha512-re4CqKTJaURpzbLHtIi6XpDv20/CnpXOtjRY5/CU32L8gU8ek9UIivcfvSWvmKEngmVbrUtPpdDwWDWL7DNHvg==",
      "dependencies": [
        "follow-redirects",
        "form-data",
        "proxy-from-env"
      ]
    },
    "balanced-match@1.0.2": {
      "integrity": "sha512-3oSeUO0TMV67hN1AmbXsK4yaqU7tjiHlbxRDZOpH0KW9+CeX4bRAaX0Anxt0tx2MrpRpWwQaPwIlISEJhYU5Pw=="
    },
    "base64-js@1.5.1": {
      "integrity": "sha512-AKpaYlHn8t4SVbOHCy+b5+KKgvR4vrsD8vbvrbiQJps7fKDTkjkDry6ji0rUJjC0kzbNePLwzxq8iypo41qeWA=="
    },
    "bl@1.2.3": {
      "integrity": "sha512-pvcNpa0UU69UT341rO6AYy4FVAIkUHuZXRIWbq+zHnsVcRzDDjIAhGuuYoi0d//cwIwtt4pkpKycWEfjdV+vww==",
      "dependencies": [
        "readable-stream",
        "safe-buffer@5.2.1"
      ]
    },
    "blakejs@1.2.1": {
      "integrity": "sha512-QXUSXI3QVc/gJME0dBpXrag1kbzOqCjCX8/b54ntNyW6sjtoqxqRk3LTmXzaJoh71zMsDCjM+47jS7XiwN/+fQ=="
    },
    "brace-expansion@2.0.1": {
      "integrity": "sha512-XnAIvQ8eM+kC6aULx6wuQiwVsnzsi9d3WxzV3FpWTGA19F621kwdbsAcFKXgKUHZWsy+mY6iL1sHTxWEFCytDA==",
      "dependencies": [
        "balanced-match"
      ]
    },
    "buffer-alloc-unsafe@1.1.0": {
      "integrity": "sha512-TEM2iMIEQdJ2yjPJoSIsldnleVaAk1oW3DBVUykyOLsEsFmEc9kn+SFFPz+gl54KQNxlDnAwCXosOS9Okx2xAg=="
    },
    "buffer-alloc@1.2.0": {
      "integrity": "sha512-CFsHQgjtW1UChdXgbyJGtnm+O/uLQeZdtbDo8mfUgYXCHSM1wgrVxXm6bSyrUuErEb+4sYVGCzASBRot7zyrow==",
      "dependencies": [
        "buffer-alloc-unsafe",
        "buffer-fill"
      ]
    },
    "buffer-crc32@0.2.13": {
      "integrity": "sha512-VO9Ht/+p3SN7SKWqcrgEzjGbRSJYTx+Q1pTQC0wrWqHx0vpJraQ6GtHx8tvcg1rlK1byhU5gccxgOgj7B0TDkQ=="
    },
    "buffer-fill@1.0.0": {
      "integrity": "sha512-T7zexNBwiiaCOGDg9xNX9PBmjrubblRkENuptryuI64URkXDFum9il/JGL8Lm8wYfAXpredVXXZz7eMHilimiQ=="
    },
    "buffer@5.7.1": {
      "integrity": "sha512-EHcyIPBQ4BSGlvjB16k5KgAJ27CIsHY/2JBmCRReo48y9rQ3MaUzWX3KVlBa4U7MyX02HdVj0K7C3WaB3ju7FQ==",
      "dependencies": [
        "base64-js",
        "ieee754"
      ]
    },
    "call-bind-apply-helpers@1.0.2": {
      "integrity": "sha512-Sp1ablJ0ivDkSzjcaJdxEunN5/XvksFJ2sMBFfq6x0ryhQV/2b/KwFe21cMpmHtPOSij8K99/wSfoEuTObmuMQ==",
      "dependencies": [
        "es-errors",
        "function-bind"
      ]
    },
    "cborg@4.2.12": {
      "integrity": "sha512-z126yLoavS75cdTuiKu61RC3Y3trqtDAgQRa5Q0dpHn1RmqhIedptWXKnk0lQ5yo/GmcV9myvIkzFgZ8GnqSog==",
      "bin": true
    },
    "chalk@5.4.1": {
      "integrity": "sha512-zgVZuo2WcZgfUEmsn6eO3kINexW8RAE4maiQ8QNs8CtpPCSyMiYsULR3HQYkm3w8FIA3SberyMJMSldGsW+U3w=="
    },
    "chownr@2.0.0": {
      "integrity": "sha512-bIomtDF5KGpdogkLd9VspvFzk9KfpyyGlS8YFVZl7TGPBHL5snIOnxeshwVgPteQ9b4Eydl+pVbIyE1DcvCWgQ=="
    },
    "combined-stream@1.0.8": {
      "integrity": "sha512-FQN4MRfuJeHf7cBbBMJFXhKSDq+2kAArBlmRBvcvFE5BB1HZKXtSFASDhdlz9zOYwxh8lDdnvmMOe/+5cdoEdg==",
      "dependencies": [
        "delayed-stream"
      ]
    },
    "comlink@4.4.2": {
      "integrity": "sha512-OxGdvBmJuNKSCMO4NTl1L47VRp6xn2wG4F/2hYzB6tiCb709otOxtEYCSvK80PtjODfXXZu8ds+Nw5kVCjqd2g=="
    },
    "commander@10.0.1": {
      "integrity": "sha512-y4Mg2tXshplEbSGzx7amzPwKKOCGuoSRP/CjEdwwk0FOGlUbq6lKuoyDZTNZkmxHdJtp54hdfY/JUrdL7Xfdug=="
    },
    "commander@11.1.0": {
      "integrity": "sha512-yPVavfyCcRhmorC7rWlkHn15b4wDVgVmBA7kV4QVBsF7kv/9TKJAbAXVTxvTnwP8HHKjRCJDClKbciiYS7p0DQ=="
    },
    "commander@2.20.3": {
      "integrity": "sha512-GpVkmM8vF2vQUkj2LvZmD35JxeJOLCwJ9cUkugyk2nuhbv3+mJvpLYYt+0+USMxE+oj+ey/lJEnhZw75x/OMcQ=="
    },
    "core-util-is@1.0.3": {
      "integrity": "sha512-ZQBvi1DcpJ4GDqanjucZ2Hj3wEO5pZDS89BWbkcrvdxksJorwUDDZamX9ldFkp9aw2lmBDLgkObEA4DWNJ9FYQ=="
    },
    "decompress-tar@4.1.1": {
      "integrity": "sha512-JdJMaCrGpB5fESVyxwpCx4Jdj2AagLmv3y58Qy4GE6HMVjWz1FeVQk1Ct4Kye7PftcdOo/7U7UKzYBJgqnGeUQ==",
      "dependencies": [
        "file-type@5.2.0",
        "is-stream",
        "tar-stream"
      ]
    },
    "decompress-tarbz2@4.1.1": {
      "integrity": "sha512-s88xLzf1r81ICXLAVQVzaN6ZmX4A6U4z2nMbOwobxkLoIIfjVMBg7TeguTUXkKeXni795B6y5rnvDw7rxhAq9A==",
      "dependencies": [
        "decompress-tar",
        "file-type@6.2.0",
        "is-stream",
        "seek-bzip",
        "unbzip2-stream"
      ]
    },
    "decompress-targz@4.1.1": {
      "integrity": "sha512-4z81Znfr6chWnRDNfFNqLwPvm4db3WuZkqV+UgXQzSngG3CEKdBkw5jrv3axjjL96glyiiKjsxJG3X6WBZwX3w==",
      "dependencies": [
        "decompress-tar",
        "file-type@5.2.0",
        "is-stream"
      ]
    },
    "decompress-unzip@4.0.1": {
      "integrity": "sha512-1fqeluvxgnn86MOh66u8FjbtJpAFv5wgCT9Iw8rcBqQcCo5tO8eiJw7NNTrvt9n4CRBVq7CstiS922oPgyGLrw==",
      "dependencies": [
        "file-type@3.9.0",
        "get-stream",
        "pify@2.3.0",
        "yauzl"
      ]
    },
    "decompress@4.2.1": {
      "integrity": "sha512-e48kc2IjU+2Zw8cTb6VZcJQ3lgVbS4uuB1TfCHbiZIP/haNXm+SVyhu+87jts5/3ROpd82GSVCoNs/z8l4ZOaQ==",
      "dependencies": [
        "decompress-tar",
        "decompress-tarbz2",
        "decompress-targz",
        "decompress-unzip",
        "graceful-fs",
        "make-dir",
        "pify@2.3.0",
        "strip-dirs"
      ]
    },
    "delayed-stream@1.0.0": {
      "integrity": "sha512-ZySD7Nf91aLB0RxL4KGrKHBXl7Eds1DAmEdcoVawXnLD7SDhpNgtuII2aAkg7a7QS41jxPSZ17p4VdGnMHk3MQ=="
    },
    "dunder-proto@1.0.1": {
      "integrity": "sha512-KIN/nDJBQRcXw0MLVhZE9iQHmG68qAVIBg9CqmUYjmQIhgij9U5MFvrqkUL5FbtyyzZuOeOt0zdeRe4UY7ct+A==",
      "dependencies": [
        "call-bind-apply-helpers",
        "es-errors",
        "gopd"
      ]
    },
    "end-of-stream@1.4.4": {
      "integrity": "sha512-+uw1inIHVPQoaVuHzRyXd21icM+cnt4CzD5rW+NC1wjOUSTOs+Te7FOv7AhN7vS9x/oIyhLP5PR1H+phQAHu5Q==",
      "dependencies": [
        "once"
      ]
    },
    "es-define-property@1.0.1": {
      "integrity": "sha512-e3nRfgfUZ4rNGL232gUgX06QNyyez04KdjFrF+LTRoOXmrOgFKDg4BCdsjW8EnT69eqdYGmRpJwiPVYNrCaW3g=="
    },
    "es-errors@1.3.0": {
      "integrity": "sha512-Zf5H2Kxt2xjTvbJvP2ZWLEICxA6j+hAmMzIlypy4xcBg1vKVnx89Wy0GbS+kf5cwCVFFzdCFh2XSCFNULS6csw=="
    },
    "es-object-atoms@1.1.1": {
      "integrity": "sha512-FGgH2h8zKNim9ljj7dankFPcICIK9Cp5bm+c2gQSYePhpaG5+esrLODihIorn+Pe6FGJzWhXQotPv73jTaldXA==",
      "dependencies": [
        "es-errors"
      ]
    },
    "es-set-tostringtag@2.1.0": {
      "integrity": "sha512-j6vWzfrGVfyXxge+O0x5sh6cvxAog0a/4Rdd2K36zCMV5eJ+/+tOAngRO8cODMNWbVRdVlmGZQL2YS3yR8bIUA==",
      "dependencies": [
        "es-errors",
        "get-intrinsic",
        "has-tostringtag",
        "hasown"
      ]
    },
    "eventemitter3@5.0.1": {
      "integrity": "sha512-GWkBvjiSZK87ELrYOSESUYeVIc9mvLLf/nXalMOS5dYrgZq9o5OVkbZAVM06CVxYsCwH9BDZFPlQTlPA1j4ahA=="
    },
    "fd-slicer@1.1.0": {
      "integrity": "sha512-cE1qsB/VwyQozZ+q1dGxR8LBYNZeofhEdUNGSMbQD3Gw2lAzX9Zb3uIU6Ebc/Fmyjo9AWWfnn0AUCHqtevs/8g==",
      "dependencies": [
        "pend"
      ]
    },
    "file-type@3.9.0": {
      "integrity": "sha512-RLoqTXE8/vPmMuTI88DAzhMYC99I8BWv7zYP4A1puo5HIjEJ5EX48ighy4ZyKMG9EDXxBgW6e++cn7d1xuFghA=="
    },
    "file-type@5.2.0": {
      "integrity": "sha512-Iq1nJ6D2+yIO4c8HHg4fyVb8mAJieo1Oloy1mLLaB2PvezNedhBVm+QU7g0qM42aiMbRXTxKKwGD17rjKNJYVQ=="
    },
    "file-type@6.2.0": {
      "integrity": "sha512-YPcTBDV+2Tm0VqjybVd32MHdlEGAtuxS3VAYsumFokDSMG+ROT5wawGlnHDoz7bfMcMDt9hxuXvXwoKUx2fkOg=="
    },
    "files-from-path@1.1.4": {
      "integrity": "sha512-huzBO8vS15VrEC0ej62GtYCtPUNEsTdHIN3aFBjCUZyFQTr+bW4cpwvPMZssM/r+9/hOh4ikUiJ3L+9kZKBMag==",
      "dependencies": [
        "graceful-fs"
      ]
    },
    "follow-redirects@1.15.9": {
      "integrity": "sha512-gew4GsXizNgdoRyqmyfMHyAmXsZDk6mHkSxZFCzW9gwlbtOW44CDtYavM+y+72qD/Vq2l550kMF52DT8fOLJqQ=="
    },
    "form-data@4.0.3": {
      "integrity": "sha512-qsITQPfmvMOSAdeyZ+12I1c+CKSstAFAwu+97zrnWAbIr5u8wfsExUzCesVLC8NgHuRUqNN4Zy6UPWUTRGslcA==",
      "dependencies": [
        "asynckit",
        "combined-stream",
        "es-set-tostringtag",
        "hasown",
        "mime-types"
      ]
    },
    "fs-constants@1.0.0": {
      "integrity": "sha512-y6OAwoSIf7FyjMIv94u+b5rdheZEjzR63GTyZJm5qh4Bi+2YgwLCcI/fPFZkL5PSixOt6ZNKm+w+Hfp/Bciwow=="
    },
    "fs-extra@11.3.0": {
      "integrity": "sha512-Z4XaCL6dUDHfP/jT25jJKMmtxvuwbkrD1vNSMFlo9lNLY2c5FHYSQgHPRZUjAB26TpDEoW9HCOgplrdbaPV/ew==",
      "dependencies": [
        "graceful-fs",
        "jsonfile",
        "universalify"
      ]
    },
    "fs-minipass@2.1.0": {
      "integrity": "sha512-V/JgOLFCS+R6Vcq0slCuaeWEdNC3ouDlJMNIsacH2VtALiu9mV4LPrHc5cDl8k5aw6J8jwgWWpiTo5RYhmIzvg==",
      "dependencies": [
        "minipass@3.3.6"
      ]
    },
    "fs.realpath@1.0.0": {
      "integrity": "sha512-OO0pH2lK6a0hZnAdau5ItzHPI6pUlvI7jMVnxUQRtw4owF2wk8lOSabtGDCTP4Ggrg2MbGnWO9X8K1t4+fGMDw=="
    },
    "function-bind@1.1.2": {
      "integrity": "sha512-7XHNxH7qX9xG5mIwxkhumTox/MIRNcOgDrxWsMt2pAr23WHp6MrRlN7FBSFpCpr+oVO0F744iUgR82nJMfG2SA=="
    },
    "get-intrinsic@1.3.0": {
      "integrity": "sha512-9fSjSaos/fRIVIp+xSJlE6lfwhES7LNtKaCBIamHsjr2na1BiABJPo0mOjjz8GJDURarmCPGqaiVg5mfjb98CQ==",
      "dependencies": [
        "call-bind-apply-helpers",
        "es-define-property",
        "es-errors",
        "es-object-atoms",
        "function-bind",
        "get-proto",
        "gopd",
        "has-symbols",
        "hasown",
        "math-intrinsics"
      ]
    },
    "get-proto@1.0.1": {
      "integrity": "sha512-sTSfBjoXBp89JvIKIefqw7U2CCebsc74kiY6awiGogKtoSGbgjYE/G/+l9sF3MWFPNc9IcoOC4ODfKHfxFmp0g==",
      "dependencies": [
        "dunder-proto",
        "es-object-atoms"
      ]
    },
    "get-stream@2.3.1": {
      "integrity": "sha512-AUGhbbemXxrZJRD5cDvKtQxLuYaIbNtDTK8YqupCI393Q2KSTreEsLUN3ZxAWFGiKTzL6nKuzfcIvieflUX9qA==",
      "dependencies": [
        "object-assign",
        "pinkie-promise"
      ]
    },
    "glob@8.1.0": {
      "integrity": "sha512-r8hpEjiQEYlF2QU0df3dS+nxxSIreXQS1qRhMJM0Q5NDdR386C7jb7Hwwod8Fgiuex+k0GFjgft18yvxm5XoCQ==",
      "dependencies": [
        "fs.realpath",
        "inflight",
        "inherits",
        "minimatch",
        "once"
      ],
      "deprecated": true
    },
    "gopd@1.2.0": {
      "integrity": "sha512-ZUKRh6/kUFoAiTAtTYPZJ3hw9wNxx+BIBOijnlG9PnrJsCcSjs1wyyD6vJpaYtgnzDrKYRSqf3OO6Rfa93xsRg=="
    },
    "graceful-fs@4.2.11": {
      "integrity": "sha512-RbJ5/jmFcNNCcDV5o9eTnBLJ/HszWV0P73bc+Ff4nS/rJj+YaS6IGyiOL0VoBYX+l1Wrl3k63h/KrH+nhJ0XvQ=="
    },
    "hamt-sharding@3.0.6": {
      "integrity": "sha512-nZeamxfymIWLpVcAN0CRrb7uVq3hCOGj9IcL6NMA6VVCVWqj+h9Jo/SmaWuS92AEDf1thmHsM5D5c70hM3j2Tg==",
      "dependencies": [
        "sparse-array",
        "uint8arrays"
      ]
    },
    "has-symbols@1.1.0": {
      "integrity": "sha512-1cDNdwJ2Jaohmb3sg4OmKaMBwuC48sYni5HUw2DvsC8LjGTLK9h+eb1X6RyuOHe4hT0ULCW68iomhjUoKUqlPQ=="
    },
    "has-tostringtag@1.0.2": {
      "integrity": "sha512-NqADB8VjPFLM2V0VvHUewwwsw0ZWBaIdgo+ieHtK3hasLz4qeCRjYcqfB6AQrBggRKppKF8L52/VqdVsO47Dlw==",
      "dependencies": [
        "has-symbols"
      ]
    },
    "hasown@2.0.2": {
      "integrity": "sha512-0hJU9SCPvmMzIBdZFqNPXWa6dqh7WdH0cII9y+CyS8rG3nL48Bclra9HmKhVVUHyPWNH5Y7xDwAB7bfgSjkUMQ==",
      "dependencies": [
        "function-bind"
      ]
    },
    "ieee754@1.2.1": {
      "integrity": "sha512-dcyqhDvX1C46lXZcVqCpK+FtMRQVdIMN6/Df5js2zouUsqG7I6sFxitIC+7KYK29KdXOLHdu9zL4sFnoVQnqaA=="
    },
    "inflight@1.0.6": {
      "integrity": "sha512-k92I/b08q4wvFscXCLvqfsHCrjrF7yiXsQuIVvVE7N82W3+aqpzuUdBbfhWcy/FZR3/4IgflMgKLOsvPDrGCJA==",
      "dependencies": [
        "once",
        "wrappy"
      ],
      "deprecated": true
    },
    "inherits@2.0.4": {
      "integrity": "sha512-k/vGaX4/Yla3WzyMCvTQOXYeIHvqOKtnqBduzTHpzpQZzAskKMhZ2K+EnBiSM9zGSoIFeMpXKxa4dYeZIQqewQ=="
    },
    "interface-blockstore@5.3.2": {
      "integrity": "sha512-oA9Pjkxun/JHAsZrYEyKX+EoPjLciTzidE7wipLc/3YoHDjzsnXRJzAzFJXNUvogtY4g7hIwxArx8+WKJs2RIg==",
      "dependencies": [
        "interface-store",
        "multiformats"
      ]
    },
    "interface-store@6.0.3": {
      "integrity": "sha512-+WvfEZnFUhRwFxgz+QCQi7UC6o9AM0EHM9bpIe2Nhqb100NHCsTvNAn4eJgvgV2/tmLo1MP9nGxQKEcZTAueLA=="
    },
    "ipfs-car@1.2.0": {
      "integrity": "sha512-A++1UesxqwfNv14NmFxr4MHi+vD9rR6SWr87MU9o0315Mzqys48pEefL8rlCAA9cw2qKYeT/ZPYVtqIMAr6U1Q==",
      "dependencies": [
        "@ipld/car",
        "@ipld/dag-cbor",
        "@ipld/dag-json",
        "@ipld/dag-pb",
        "@ipld/unixfs",
        "@web3-storage/car-block-validator",
        "files-from-path",
        "ipfs-unixfs-exporter",
        "multiformats",
        "sade",
        "varint"
      ],
      "bin": true
    },
    "ipfs-unixfs-exporter@13.6.2": {
      "integrity": "sha512-U3NkQHvQn5XzxtjSo1/GfoFIoXYY4hPgOlZG5RUrV5ScBI222b3jAHbHksXZuMy7sqPkA9ieeWdOmnG1+0nxyw==",
      "dependencies": [
        "@ipld/dag-cbor",
        "@ipld/dag-json",
        "@ipld/dag-pb",
        "@multiformats/murmur3",
        "hamt-sharding",
        "interface-blockstore",
        "ipfs-unixfs",
        "it-filter",
        "it-last",
        "it-map",
        "it-parallel",
        "it-pipe",
        "it-pushable",
        "multiformats",
        "p-queue",
        "progress-events"
      ]
    },
    "ipfs-unixfs@11.2.1": {
      "integrity": "sha512-gUeeX63EFgiaMgcs0cUs2ZUPvlOeEZ38okjK8twdWGZX2jYd2rCk8k/TJ3DSRIDZ2t/aZMv6I23guxHaofZE3w==",
      "dependencies": [
        "protons-runtime",
        "uint8arraylist"
      ]
    },
    "is-natural-number@4.0.1": {
      "integrity": "sha512-Y4LTamMe0DDQIIAlaer9eKebAlDSV6huy+TWhJVPlzZh2o4tRP5SQWFlLn5N0To4mDD22/qdOq+veo1cSISLgQ=="
    },
    "is-stream@1.1.0": {
      "integrity": "sha512-uQPm8kcs47jx38atAcWTVxyltQYoPT68y9aWYdV6yWXSyW8mzSat0TL6CiWdZeCdF3KrAvpVtnHbTv4RN+rqdQ=="
    },
    "isarray@1.0.0": {
      "integrity": "sha512-VLghIWNM6ELQzo7zwmcg0NmTVyWKYjvIeM83yjp0wRDTmUnrM678fQbcKBo6n2CJEF0szoG//ytg+TKla89ALQ=="
    },
    "it-filter@3.1.4": {
      "integrity": "sha512-80kWEKgiFEa4fEYD3mwf2uygo1dTQ5Y5midKtL89iXyjinruA/sNXl6iFkTcdNedydjvIsFhWLiqRPQP4fAwWQ==",
      "dependencies": [
        "it-peekable"
      ]
    },
    "it-last@3.0.9": {
      "integrity": "sha512-AtfUEnGDBHBEwa1LjrpGHsJMzJAWDipD6zilvhakzJcm+BCvNX8zlX2BsHClHJLLTrsY4lY9JUjc+TQV4W7m1w=="
    },
    "it-map@3.1.4": {
      "integrity": "sha512-QB9PYQdE9fUfpVFYfSxBIyvKynUCgblb143c+ktTK6ZuKSKkp7iH58uYFzagqcJ5HcqIfn1xbfaralHWam+3fg==",
      "dependencies": [
        "it-peekable"
      ]
    },
    "it-merge@3.0.12": {
      "integrity": "sha512-nnnFSUxKlkZVZD7c0jYw6rDxCcAQYcMsFj27thf7KkDhpj0EA0g9KHPxbFzHuDoc6US2EPS/MtplkNj8sbCx4Q==",
      "dependencies": [
        "it-queueless-pushable"
      ]
    },
    "it-parallel@3.0.13": {
      "integrity": "sha512-85PPJ/O8q97Vj9wmDTSBBXEkattwfQGruXitIzrh0RLPso6RHfiVqkuTqBNufYYtB1x6PSkh0cwvjmMIkFEPHA==",
      "dependencies": [
        "p-defer"
      ]
    },
    "it-peekable@3.0.8": {
      "integrity": "sha512-7IDBQKSp/dtBxXV3Fj0v3qM1jftJ9y9XrWLRIuU1X6RdKqWiN60syNwP0fiDxZD97b8SYM58dD3uklIk1TTQAw=="
    },
    "it-pipe@3.0.1": {
      "integrity": "sha512-sIoNrQl1qSRg2seYSBH/3QxWhJFn9PKYvOf/bHdtCBF0bnghey44VyASsWzn5dAx0DCDDABq1hZIuzKmtBZmKA==",
      "dependencies": [
        "it-merge",
        "it-pushable",
        "it-stream-types"
      ]
    },
    "it-pushable@3.2.3": {
      "integrity": "sha512-gzYnXYK8Y5t5b/BnJUr7glfQLO4U5vyb05gPx/TyTw+4Bv1zM9gFk4YsOrnulWefMewlphCjKkakFvj1y99Tcg==",
      "dependencies": [
        "p-defer"
      ]
    },
    "it-queueless-pushable@2.0.2": {
      "integrity": "sha512-2BqIt7XvDdgEgudLAdJkdseAwbVSBc0yAd8yPVHrll4eBuJPWIj9+8C3OIxzEKwhswLtd3bi+yLrzgw9gCyxMA==",
      "dependencies": [
        "abort-error",
        "p-defer",
        "race-signal"
      ]
    },
    "it-stream-types@2.0.2": {
      "integrity": "sha512-Rz/DEZ6Byn/r9+/SBCuJhpPATDF9D+dz5pbgSUyBsCDtza6wtNATrz/jz1gDyNanC3XdLboriHnOC925bZRBww=="
    },
    "itk-wasm@1.0.0-b.188": {
      "integrity": "sha512-7bQI43DoHg0MIumr9yE5VfVQlSv3B/VtsLqrB0RC3tUKnkMeL71rSRiCav3bxQJoCRYv+/Cb0ZZFZ/sVCa4imw==",
      "dependencies": [
        "@emnapi/wasi-threads",
        "@itk-wasm/dam",
        "@thewtex/zstddec",
        "@types/emscripten",
        "axios",
        "chalk",
        "comlink",
        "commander@11.1.0",
        "fs-extra",
        "glob",
        "markdown-table",
        "mime-types",
        "wasm-feature-detect"
      ],
      "bin": true
    },
    "js-sha3@0.9.3": {
      "integrity": "sha512-BcJPCQeLg6WjEx3FE591wVAevlli8lxsxm9/FzV4HXkV49TmBH38Yvrpce6fjbADGMKFrBMGTqrVz3qPIZ88Gg=="
    },
    "jsonfile@6.1.0": {
      "integrity": "sha512-5dgndWOriYSm5cnYaJNhalLNDKOqFwyDB/rr1E9ZsGciGvKPs8R2xYGCacuf3z6K1YKDz182fd+fY3cn3pMqXQ==",
      "dependencies": [
        "universalify"
      ],
      "optionalDependencies": [
        "graceful-fs"
      ]
    },
    "long@5.3.2": {
      "integrity": "sha512-mNAgZ1GmyNhD7AuqnTG3/VQ26o760+ZYBPKjPvugO8+nLbYfX6TVpJPseBvopbdY+qpZ/lKUnmEc1LeZYS3QAA=="
    },
    "make-dir@1.3.0": {
      "integrity": "sha512-2w31R7SJtieJJnQtGc7RVL2StM2vGYVfqUOvUDxH6bC6aJTxPxTF0GnIgCyu7tjockiUWAYQRbxa7vKn34s5sQ==",
      "dependencies": [
        "pify@3.0.0"
      ]
    },
    "markdown-table@3.0.4": {
      "integrity": "sha512-wiYz4+JrLyb/DqW2hkFJxP7Vd7JuTDm77fvbM8VfEQdmSMqcImWeeRbHwZjBjIFki/VaMK2BhFi7oUUZeM5bqw=="
    },
    "math-intrinsics@1.1.0": {
      "integrity": "sha512-/IXtbwEk5HTPyEwyKX6hGkYXxM9nbj64B+ilVJnC/R6B0pH5G4V3b0pVbL7DBj4tkhBAppbQUlf6F6Xl9LHu1g=="
    },
    "mime-db@1.52.0": {
      "integrity": "sha512-sPU4uV7dYlvtWJxwwxHD0PuihVNiE7TyAbQ5SWxDCB9mUYvOgroQOwYQQOKPJ8CIbE+1ETVlOoK1UC2nU3gYvg=="
    },
    "mime-types@2.1.35": {
      "integrity": "sha512-ZDY+bPm5zTTF+YpCrAU9nK0UgICYPT0QtT1NZWFv4s++TNkcgVaT0g6+4R2uI4MjQjzysHB1zxuWL50hzaeXiw==",
      "dependencies": [
        "mime-db"
      ]
    },
    "minimatch@5.1.6": {
      "integrity": "sha512-lKwV/1brpG6mBUFHtb7NUmtABCb2WZZmm2wNiOA5hAb8VdCS4B3dtMWyvcoViccwAW/COERjXLt0zP1zXUN26g==",
      "dependencies": [
        "brace-expansion"
      ]
    },
    "minipass@3.3.6": {
      "integrity": "sha512-DxiNidxSEK+tHG6zOIklvNOwm3hvCrbUrdtzY74U6HKTJxvIDfOUL5W5P2Ghd3DTkhhKPYGqeNUIh5qcM4YBfw==",
      "dependencies": [
        "yallist"
      ]
    },
    "minipass@5.0.0": {
      "integrity": "sha512-3FnjYuehv9k6ovOEbyOswadCDPX1piCfhV8ncmYtHOjuPwylVWsghTLo7rabjC3Rx5xD4HDx8Wm1xnMF7S5qFQ=="
    },
    "minizlib@2.1.2": {
      "integrity": "sha512-bAxsR8BVfj60DWXHE3u30oHzfl4G7khkSuPW+qvpd7jFRHm7dLxOjUk1EHACJ/hxLY8phGJ0YhYHZo7jil7Qdg==",
      "dependencies": [
        "minipass@3.3.6",
        "yallist"
      ]
    },
    "mkdirp@1.0.4": {
      "integrity": "sha512-vVqVZQyf3WLx2Shd0qJ9xuvqgAyKPLAiqITEtqW0oIUjzo3PePDd6fW9iFz30ef7Ysp/oiWqbhszeGWW2T6Gzw==",
      "bin": true
    },
    "mri@1.2.0": {
      "integrity": "sha512-tzzskb3bG8LvYGFF/mDTpq3jpI6Q9wc3LEmBaghu+DdCssd1FakN7Bc0hVNmEyGq1bq3RgfkCb3cmQLpNPOroA=="
    },
    "multiformats@13.3.7": {
      "integrity": "sha512-meL9DERHj+fFVWoOX9fXqfcYcSpUfSYJPcFvDPKrxitICbwAoWR+Ut4j5NO9zAT917HUHLQmqzQbAsGNHlDcxQ=="
    },
    "murmurhash3js-revisited@3.0.0": {
      "integrity": "sha512-/sF3ee6zvScXMb1XFJ8gDsSnY+X8PbOyjIuBhtgis10W2Jx4ZjIhikUCIF9c4gpJxVnQIsPAFrSwTCuAjicP6g=="
    },
    "object-assign@4.1.1": {
      "integrity": "sha512-rJgTQnkUnH1sFw8yT6VSU3zD3sWmu6sZhIseY8VX+GRu3P6F7Fu+JNDoXfklElbLJSnc3FUQHVe4cU5hj+BcUg=="
    },
    "once@1.4.0": {
      "integrity": "sha512-lNaJgI+2Q5URQBkccEKHTQOPaXdUxnZZElQTZY0MFUAuaEqe1E+Nyvgdz/aIyNi6Z9MzO5dv1H8n58/GELp3+w==",
      "dependencies": [
        "wrappy"
      ]
    },
    "p-defer@4.0.1": {
      "integrity": "sha512-Mr5KC5efvAK5VUptYEIopP1bakB85k2IWXaRC0rsh1uwn1L6M0LVml8OIQ4Gudg4oyZakf7FmeRLkMMtZW1i5A=="
    },
    "p-queue@8.1.0": {
      "integrity": "sha512-mxLDbbGIBEXTJL0zEx8JIylaj3xQ7Z/7eEVjcF9fJX4DBiH9oqe+oahYnlKKxm0Ci9TlWTyhSHgygxMxjIB2jw==",
      "dependencies": [
        "eventemitter3",
        "p-timeout"
      ]
    },
    "p-timeout@6.1.4": {
      "integrity": "sha512-MyIV3ZA/PmyBN/ud8vV9XzwTrNtR4jFrObymZYnZqMmW0zA8Z17vnT0rBgFE/TlohB+YCHqXMgZzb3Csp49vqg=="
    },
    "pend@1.2.0": {
      "integrity": "sha512-F3asv42UuXchdzt+xXqfW1OGlVBe+mxa2mqI0pg5yAHZPvFmY3Y6drSf/GQ1A86WgWEN9Kzh/WrgKa6iGcHXLg=="
    },
    "pify@2.3.0": {
      "integrity": "sha512-udgsAY+fTnvv7kI7aaxbqwWNb0AHiB0qBO89PZKPkoTmGOgdbrHDKD+0B2X4uTfJ/FT1R09r9gTsjUjNJotuog=="
    },
    "pify@3.0.0": {
      "integrity": "sha512-C3FsVNH1udSEX48gGX1xfvwTWfsYWj5U+8/uK15BGzIGrKoUpghX8hWZwa/OFnakBiiVNmBvemTJR5mcy7iPcg=="
    },
    "pinkie-promise@2.0.1": {
      "integrity": "sha512-0Gni6D4UcLTbv9c57DfxDGdr41XfgUjqWZu492f0cIGr16zDU06BWP/RAEvOuo7CQ0CNjHaLlM59YJJFm3NWlw==",
      "dependencies": [
        "pinkie"
      ]
    },
    "pinkie@2.0.4": {
      "integrity": "sha512-MnUuEycAemtSaeFSjXKW/aroV7akBbY+Sv+RkyqFjgAe73F+MR0TBWKBRDkmfWq/HiFmdavfZ1G7h4SPZXaCSg=="
    },
    "process-nextick-args@2.0.1": {
      "integrity": "sha512-3ouUOpQhtgrbOa17J7+uxOTpITYWaGP7/AhoR3+A+/1e9skrzelGi/dXzEYyvbxubEF6Wn2ypscTKiKJFFn1ag=="
    },
    "progress-events@1.0.1": {
      "integrity": "sha512-MOzLIwhpt64KIVN64h1MwdKWiyKFNc/S6BoYKPIVUHFg0/eIEyBulhWCgn678v/4c0ri3FdGuzXymNCv02MUIw=="
    },
    "protobufjs@7.5.3": {
      "integrity": "sha512-sildjKwVqOI2kmFDiXQ6aEB0fjYTafpEvIBs8tOR8qI4spuL9OPROLVu2qZqi/xgCfsHIwVqlaF8JBjWFHnKbw==",
      "dependencies": [
        "@protobufjs/aspromise",
        "@protobufjs/base64",
        "@protobufjs/codegen",
        "@protobufjs/eventemitter",
        "@protobufjs/fetch",
        "@protobufjs/float",
        "@protobufjs/inquire",
        "@protobufjs/path",
        "@protobufjs/pool",
        "@protobufjs/utf8",
        "@types/node",
        "long"
      ],
      "scripts": true
    },
    "protons-runtime@5.5.0": {
      "integrity": "sha512-EsALjF9QsrEk6gbCx3lmfHxVN0ah7nG3cY7GySD4xf4g8cr7g543zB88Foh897Sr1RQJ9yDCUsoT1i1H/cVUFA==",
      "dependencies": [
        "uint8-varint",
        "uint8arraylist",
        "uint8arrays"
      ]
    },
    "proxy-from-env@1.1.0": {
      "integrity": "sha512-D+zkORCbA9f1tdWRK0RaCR3GPv50cMxcrz4X8k5LTSUD1Dkw47mKJEZQNunItRTkWwgtaUSo1RVFRIG9ZXiFYg=="
    },
    "rabin-rs@2.1.0": {
      "integrity": "sha512-5y72gAXPzIBsAMHcpxZP8eMDuDT98qMP1BqSDHRbHkJJXEgWIN1lA47LxUqzsK6jknOJtgfkQr9v+7qMlFDm6g=="
    },
    "race-signal@1.1.3": {
      "integrity": "sha512-Mt2NznMgepLfORijhQMncE26IhkmjEphig+/1fKC0OtaKwys/gpvpmswSjoN01SS+VO951mj0L4VIDXdXsjnfA=="
    },
    "readable-stream@2.3.8": {
      "integrity": "sha512-8p0AUk4XODgIewSi0l8Epjs+EVnWiK7NoDIEGU0HhE7+ZyY8D1IMY7odu5lRrFXGg71L15KG8QrPmum45RTtdA==",
      "dependencies": [
        "core-util-is",
        "inherits",
        "isarray",
        "process-nextick-args",
        "safe-buffer@5.1.2",
        "string_decoder",
        "util-deprecate"
      ]
    },
    "sade@1.8.1": {
      "integrity": "sha512-xal3CZX1Xlo/k4ApwCFrHVACi9fBqJ7V+mwhBsuf/1IOKbBy098Fex+Wa/5QMubw09pSZ/u8EY8PWgevJsXp1A==",
      "dependencies": [
        "mri"
      ]
    },
    "safe-buffer@5.1.2": {
      "integrity": "sha512-Gd2UZBJDkXlY7GbJxfsE8/nvKkUEU1G38c1siN6QP6a9PT9MmHB8GnpscSmMJSoF8LOIrt8ud/wPtojys4G6+g=="
    },
    "safe-buffer@5.2.1": {
      "integrity": "sha512-rp3So07KcdmmKbGvgaNxQSJr7bGVSVk5S9Eq1F+ppbRo70+YeaDxkw5Dd8NPN+GD6bjnYm2VuPuCXmpuYvmCXQ=="
    },
    "seek-bzip@1.0.6": {
      "integrity": "sha512-e1QtP3YL5tWww8uKaOCQ18UxIT2laNBXHjV/S2WYCiK4udiv8lkG89KRIoCjUagnAmCBurjF4zEVX2ByBbnCjQ==",
      "dependencies": [
        "commander@2.20.3"
      ],
      "bin": true
    },
    "sparse-array@1.3.2": {
      "integrity": "sha512-ZT711fePGn3+kQyLuv1fpd3rNSkNF8vd5Kv2D+qnOANeyKs3fx6bUMGWRPvgTTcYV64QMqZKZwcuaQSP3AZ0tg=="
    },
    "string_decoder@1.1.1": {
      "integrity": "sha512-n/ShnvDi6FHbbVfviro+WojiFzv+s8MPMHBczVePfUpDJLwoLT0ht1l4YwBCbi8pJAveEEdnkHyPyTP/mzRfwg==",
      "dependencies": [
        "safe-buffer@5.1.2"
      ]
    },
    "strip-dirs@2.1.0": {
      "integrity": "sha512-JOCxOeKLm2CAS73y/U4ZeZPTkE+gNVCzKt7Eox84Iej1LT/2pTWYpZKJuxwQpvX1LiZb1xokNR7RLfuBAa7T3g==",
      "dependencies": [
        "is-natural-number"
      ]
    },
    "tar-stream@1.6.2": {
      "integrity": "sha512-rzS0heiNf8Xn7/mpdSVVSMAWAoy9bfb1WOTYC78Z0UQKeKa/CWS8FOq0lKGNa8DWKAn9gxjCvMLYc5PGXYlK2A==",
      "dependencies": [
        "bl",
        "buffer-alloc",
        "end-of-stream",
        "fs-constants",
        "readable-stream",
        "to-buffer",
        "xtend"
      ]
    },
    "tar@6.2.1": {
      "integrity": "sha512-DZ4yORTwrbTj/7MZYq2w+/ZFdI6OZ/f9SFHR+71gIVUZhOQPHzVCLpvRnPgyaMpfWxxk/4ONva3GQSyNIKRv6A==",
      "dependencies": [
        "chownr",
        "fs-minipass",
        "minipass@5.0.0",
        "minizlib",
        "mkdirp",
        "yallist"
      ]
    },
    "through@2.3.8": {
      "integrity": "sha512-w89qg7PI8wAdvX60bMDP+bFoD5Dvhm9oLheFp5O4a2QF0cSBGsBX4qZmadPMvVqlLJBBci+WqGGOAPvcDeNSVg=="
    },
    "to-buffer@1.1.1": {
      "integrity": "sha512-lx9B5iv7msuFYE3dytT+KE5tap+rNYw+K4jVkb9R/asAb+pbBSM17jtunHplhBe6RRJdZx3Pn2Jph24O32mOVg=="
    },
    "tslib@2.8.1": {
      "integrity": "sha512-oJFu94HQb+KVduSUQL7wnpmqnfmLsOA/nAh6b6EH0wCEoK0/mPeXU6c3wKDV83MkOuHPRHtSXKKU99IBazS/2w=="
    },
    "uint8-varint@2.0.4": {
      "integrity": "sha512-FwpTa7ZGA/f/EssWAb5/YV6pHgVF1fViKdW8cWaEarjB8t7NyofSWBdOTyFPaGuUG4gx3v1O3PQ8etsiOs3lcw==",
      "dependencies": [
        "uint8arraylist",
        "uint8arrays"
      ]
    },
    "uint8arraylist@2.4.8": {
      "integrity": "sha512-vc1PlGOzglLF0eae1M8mLRTBivsvrGsdmJ5RbK3e+QRvRLOZfZhQROTwH/OfyF3+ZVUg9/8hE8bmKP2CvP9quQ==",
      "dependencies": [
        "uint8arrays"
      ]
    },
    "uint8arrays@5.1.0": {
      "integrity": "sha512-vA6nFepEmlSKkMBnLBaUMVvAC4G3CTmO58C12y4sq6WPDOR7mOFYOi7GlrQ4djeSbP6JG9Pv9tJDM97PedRSww==",
      "dependencies": [
        "multiformats"
      ]
    },
    "unbzip2-stream@1.4.3": {
      "integrity": "sha512-mlExGW4w71ebDJviH16lQLtZS32VKqsSfk80GCfUlwT/4/hNRFsoscrF/c++9xinkMzECL1uL9DDwXqFWkruPg==",
      "dependencies": [
        "buffer",
        "through"
      ]
    },
    "undici-types@7.8.0": {
      "integrity": "sha512-9UJ2xGDvQ43tYyVMpuHlsgApydB8ZKfVYTsLDhXkFL/6gfkp+U8xTGdh8pMJv1SpZna0zxG1DwsKZsreLbXBxw=="
    },
    "universalify@2.0.1": {
      "integrity": "sha512-gptHNQghINnc/vTGIk0SOFGFNXw7JVrlRUtConJRlvaw6DuX0wO5Jeko9sWrMBhh+PsYAZ7oXAiOnf/UKogyiw=="
    },
    "util-deprecate@1.0.2": {
      "integrity": "sha512-EPD5q1uXyFxJpCrLnCc1nHnq3gOa6DZBocAIiI2TaSCA7VCJ1UJDMagCzIkXNsUYfD1daK//LTEQ8xiIbrHtcw=="
    },
    "varint@6.0.0": {
      "integrity": "sha512-cXEIW6cfr15lFv563k4GuVuW/fiwjknytD37jIOLSdSWuOI6WnO/oKwmP2FQTU2l01LP8/M5TSAJpzUaGe3uWg=="
    },
    "wasm-feature-detect@1.8.0": {
      "integrity": "sha512-zksaLKM2fVlnB5jQQDqKXXwYHLQUVH9es+5TOOHwGOVJOCeRBCiPjwSg+3tN2AdTCzjgli4jijCH290kXb/zWQ=="
    },
    "wrappy@1.0.2": {
      "integrity": "sha512-l4Sp/DRseor9wL6EvV2+TuQn63dMkPjZ/sp9XkghTEbV9KlPS1xUsZ3u7/IQO4wxtcFB4bgpQPRcR3QCvezPcQ=="
    },
    "xtend@4.0.2": {
      "integrity": "sha512-LKYU1iAXJXUgAXn9URjiu+MWhyUXHsvfp7mcuYm9dSUKK0/CjtrUwFAxD82/mCWbtLsGjFIad0wIsod4zrTAEQ=="
    },
    "yallist@4.0.0": {
      "integrity": "sha512-3wdGidZyq5PB084XLES5TpOSRA3wjXAlIWMhum2kRcv/41Sn2emQ0dycQW4uZXLejwKvg6EsvbdlVL+FYEct7A=="
    },
    "yauzl@2.10.0": {
      "integrity": "sha512-p4a9I6X6nu6IhoGmBqAcbJy1mlC4j27vEPZX9F4L4/vZT3Lyq1VkFHw/V/PUcB9Buo+DG3iHkT0x3Qya58zc3g==",
      "dependencies": [
        "buffer-crc32",
        "fd-slicer"
      ]
    }
  },
  "workspace": {
    "dependencies": [
      "npm:@itk-wasm/image-io@*",
      "npm:@itk-wasm/mesh-io@*",
      "npm:itk-wasm@1.0.0-b.188"
    ]
  }
}
